// !$*UTF8*$!
{
	archiveVersion = 1;
	classes = {
	};
	objectVersion = 46;
	objects = {

/* Begin PBXBuildFile section */
		474c1d1d83ed9a24527d2b2e0ece68f3 /* customPlayer.cpp in Sources */ = {isa = PBXBuildFile; fileRef = de26b22013b03f284194c13977f12875 /* customPlayer.cpp */; };
		670637BF166BDE7800EB7BB6 /* ofxTransitions.cpp in Sources */ = {isa = PBXBuildFile; fileRef = 670637B4166BDE7800EB7BB6 /* ofxTransitions.cpp */; };
		670637C0166BDE7800EB7BB6 /* ofxTweener.cpp in Sources */ = {isa = PBXBuildFile; fileRef = 670637B6166BDE7800EB7BB6 /* ofxTweener.cpp */; };
		6722E14E1665892600329F37 /* Syphon.framework in Frameworks */ = {isa = PBXBuildFile; fileRef = 6722E13E1665892600329F37 /* Syphon.framework */; };
		6722E14F1665892600329F37 /* SyphonNameboundClient.m in Sources */ = {isa = PBXBuildFile; fileRef = 6722E1411665892600329F37 /* SyphonNameboundClient.m */; };
		6722E1501665892600329F37 /* ofxSyphonClient.mm in Sources */ = {isa = PBXBuildFile; fileRef = 6722E1461665892600329F37 /* ofxSyphonClient.mm */; };
		6722E1511665892600329F37 /* ofxSyphonServer.mm in Sources */ = {isa = PBXBuildFile; fileRef = 6722E1481665892600329F37 /* ofxSyphonServer.mm */; };
		6722E15C166589C000329F37 /* Syphon.framework in CopyFiles */ = {isa = PBXBuildFile; fileRef = 6722E15B166589C000329F37 /* Syphon.framework */; };
		673D7E02167B8860009C7FD8 /* intentie_interpretatie.cpp in Sources */ = {isa = PBXBuildFile; fileRef = 673D7E01167B8860009C7FD8 /* intentie_interpretatie.cpp */; };
		674FC577166B63880076BF2E /* ofxThreadedImageLoader.cpp in Sources */ = {isa = PBXBuildFile; fileRef = 674FC575166B63880076BF2E /* ofxThreadedImageLoader.cpp */; };
		6765C0FB166D224100093CC7 /* zoetroop.cpp in Sources */ = {isa = PBXBuildFile; fileRef = 6765C0FA166D224100093CC7 /* zoetroop.cpp */; };
		6767B94E166A02D1006E8130 /* IpEndpointName.cpp in Sources */ = {isa = PBXBuildFile; fileRef = 6767B92A166A02D1006E8130 /* IpEndpointName.cpp */; };
		6767B94F166A02D1006E8130 /* NetworkingUtils.cpp in Sources */ = {isa = PBXBuildFile; fileRef = 6767B92F166A02D1006E8130 /* NetworkingUtils.cpp */; };
		6767B950166A02D1006E8130 /* UdpSocket.cpp in Sources */ = {isa = PBXBuildFile; fileRef = 6767B930166A02D1006E8130 /* UdpSocket.cpp */; };
		6767B951166A02D1006E8130 /* NetworkingUtilsWin.cpp in Sources */ = {isa = PBXBuildFile; fileRef = 6767B934166A02D1006E8130 /* NetworkingUtilsWin.cpp */; };
		6767B952166A02D1006E8130 /* UdpSocketWin.cpp in Sources */ = {isa = PBXBuildFile; fileRef = 6767B935166A02D1006E8130 /* UdpSocketWin.cpp */; };
		6767B953166A02D1006E8130 /* OscOutboundPacketStream.cpp in Sources */ = {isa = PBXBuildFile; fileRef = 6767B93A166A02D1006E8130 /* OscOutboundPacketStream.cpp */; };
		6767B954166A02D1006E8130 /* OscPrintReceivedElements.cpp in Sources */ = {isa = PBXBuildFile; fileRef = 6767B93D166A02D1006E8130 /* OscPrintReceivedElements.cpp */; };
		6767B955166A02D1006E8130 /* OscReceivedElements.cpp in Sources */ = {isa = PBXBuildFile; fileRef = 6767B93F166A02D1006E8130 /* OscReceivedElements.cpp */; };
		6767B956166A02D1006E8130 /* OscTypes.cpp in Sources */ = {isa = PBXBuildFile; fileRef = 6767B941166A02D1006E8130 /* OscTypes.cpp */; };
		6767B957166A02D1006E8130 /* ofxOscBundle.cpp in Sources */ = {isa = PBXBuildFile; fileRef = 6767B946166A02D1006E8130 /* ofxOscBundle.cpp */; };
		6767B958166A02D1006E8130 /* ofxOscMessage.cpp in Sources */ = {isa = PBXBuildFile; fileRef = 6767B948166A02D1006E8130 /* ofxOscMessage.cpp */; };
		6767B959166A02D1006E8130 /* ofxOscReceiver.cpp in Sources */ = {isa = PBXBuildFile; fileRef = 6767B94A166A02D1006E8130 /* ofxOscReceiver.cpp */; };
		6767B95A166A02D1006E8130 /* ofxOscSender.cpp in Sources */ = {isa = PBXBuildFile; fileRef = 6767B94C166A02D1006E8130 /* ofxOscSender.cpp */; };
		6767B9B1166A4F7C006E8130 /* plaats_origine.cpp in Sources */ = {isa = PBXBuildFile; fileRef = 6767B9B0166A4F7C006E8130 /* plaats_origine.cpp */; };
		6781C3FD167A9466000948F9 /* ofxRtMidiIn.cpp in Sources */ = {isa = PBXBuildFile; fileRef = 6781C3BE167A9466000948F9 /* ofxRtMidiIn.cpp */; };
		6781C3FE167A9466000948F9 /* ofxRtMidiOut.cpp in Sources */ = {isa = PBXBuildFile; fileRef = 6781C3C0167A9466000948F9 /* ofxRtMidiOut.cpp */; };
		6781C3FF167A9466000948F9 /* RtMidi.cpp in Sources */ = {isa = PBXBuildFile; fileRef = 6781C3C5167A9466000948F9 /* RtMidi.cpp */; };
		6781C408167A9466000948F9 /* ofxBaseMidi.cpp in Sources */ = {isa = PBXBuildFile; fileRef = 6781C3DC167A9466000948F9 /* ofxBaseMidi.cpp */; };
		6781C409167A9466000948F9 /* ofxMidi.cpp in Sources */ = {isa = PBXBuildFile; fileRef = 6781C3DE167A9466000948F9 /* ofxMidi.cpp */; };
		6781C40A167A9466000948F9 /* ofxMidiIn.cpp in Sources */ = {isa = PBXBuildFile; fileRef = 6781C3E1167A9466000948F9 /* ofxMidiIn.cpp */; };
		6781C40B167A9466000948F9 /* ofxMidiMessage.cpp in Sources */ = {isa = PBXBuildFile; fileRef = 6781C3E3167A9466000948F9 /* ofxMidiMessage.cpp */; };
		6781C40C167A9466000948F9 /* ofxMidiOut.cpp in Sources */ = {isa = PBXBuildFile; fileRef = 6781C3E5167A9466000948F9 /* ofxMidiOut.cpp */; };
		6781C419167A97EC000948F9 /* CoreMIDI.framework in Frameworks */ = {isa = PBXBuildFile; fileRef = 6781C418167A97EC000948F9 /* CoreMIDI.framework */; };
		6781C41B167A98E9000948F9 /* CoreMIDI.framework in CopyFiles */ = {isa = PBXBuildFile; fileRef = 6781C418167A97EC000948F9 /* CoreMIDI.framework */; };
		678D1CC51665680300757A80 /* tinyxml.cpp in Sources */ = {isa = PBXBuildFile; fileRef = 678D1CBE1665680300757A80 /* tinyxml.cpp */; };
		678D1CC61665680300757A80 /* tinyxmlerror.cpp in Sources */ = {isa = PBXBuildFile; fileRef = 678D1CC01665680300757A80 /* tinyxmlerror.cpp */; };
		678D1CC71665680300757A80 /* tinyxmlparser.cpp in Sources */ = {isa = PBXBuildFile; fileRef = 678D1CC11665680300757A80 /* tinyxmlparser.cpp */; };
		678D1CC81665680300757A80 /* ofxXmlSettings.cpp in Sources */ = {isa = PBXBuildFile; fileRef = 678D1CC31665680300757A80 /* ofxXmlSettings.cpp */; };
		678D1CD81665681400757A80 /* ofxTCPClient.cpp in Sources */ = {isa = PBXBuildFile; fileRef = 678D1CD01665681400757A80 /* ofxTCPClient.cpp */; };
		678D1CD91665681400757A80 /* ofxTCPManager.cpp in Sources */ = {isa = PBXBuildFile; fileRef = 678D1CD21665681400757A80 /* ofxTCPManager.cpp */; };
		678D1CDA1665681400757A80 /* ofxTCPServer.cpp in Sources */ = {isa = PBXBuildFile; fileRef = 678D1CD41665681400757A80 /* ofxTCPServer.cpp */; };
		678D1CDB1665681400757A80 /* ofxUDPManager.cpp in Sources */ = {isa = PBXBuildFile; fileRef = 678D1CD61665681400757A80 /* ofxUDPManager.cpp */; };
		678D1CDF166568C800757A80 /* BROKENFIXED.icns in CopyFiles */ = {isa = PBXBuildFile; fileRef = 678D1CDD166568A300757A80 /* BROKENFIXED.icns */; };
		67D1900316726202002FF0A7 /* ofxImageSequence.cpp in Sources */ = {isa = PBXBuildFile; fileRef = 67D18FFA16726202002FF0A7 /* ofxImageSequence.cpp */; };
		67DB07B31675474D00D9F006 /* mpeClientTCP.cpp in Sources */ = {isa = PBXBuildFile; fileRef = 67DB07A01675474D00D9F006 /* mpeClientTCP.cpp */; };
		9521cdab721bdf2adfd29d5410cb7411 /* mainMini.cpp in Sources */ = {isa = PBXBuildFile; fileRef = 45ec56d68ee7d214e37e6c1c874b0a56 /* mainMini.cpp */; };
		BBAB23CB13894F3D00AA2426 /* GLUT.framework in CopyFiles */ = {isa = PBXBuildFile; fileRef = BBAB23BE13894E4700AA2426 /* GLUT.framework */; };
		E4328149138ABC9F0047C5CB /* openFrameworksDebug.a in Frameworks */ = {isa = PBXBuildFile; fileRef = E4328148138ABC890047C5CB /* openFrameworksDebug.a */; };
		E45BE97B0E8CC7DD009D7055 /* AGL.framework in Frameworks */ = {isa = PBXBuildFile; fileRef = E45BE9710E8CC7DD009D7055 /* AGL.framework */; };
		E45BE97C0E8CC7DD009D7055 /* ApplicationServices.framework in Frameworks */ = {isa = PBXBuildFile; fileRef = E45BE9720E8CC7DD009D7055 /* ApplicationServices.framework */; };
		E45BE97D0E8CC7DD009D7055 /* AudioToolbox.framework in Frameworks */ = {isa = PBXBuildFile; fileRef = E45BE9730E8CC7DD009D7055 /* AudioToolbox.framework */; };
		E45BE97E0E8CC7DD009D7055 /* Carbon.framework in Frameworks */ = {isa = PBXBuildFile; fileRef = E45BE9740E8CC7DD009D7055 /* Carbon.framework */; };
		E45BE97F0E8CC7DD009D7055 /* CoreAudio.framework in Frameworks */ = {isa = PBXBuildFile; fileRef = E45BE9750E8CC7DD009D7055 /* CoreAudio.framework */; };
		E45BE9800E8CC7DD009D7055 /* CoreFoundation.framework in Frameworks */ = {isa = PBXBuildFile; fileRef = E45BE9760E8CC7DD009D7055 /* CoreFoundation.framework */; };
		E45BE9810E8CC7DD009D7055 /* CoreServices.framework in Frameworks */ = {isa = PBXBuildFile; fileRef = E45BE9770E8CC7DD009D7055 /* CoreServices.framework */; };
		E45BE9830E8CC7DD009D7055 /* OpenGL.framework in Frameworks */ = {isa = PBXBuildFile; fileRef = E45BE9790E8CC7DD009D7055 /* OpenGL.framework */; };
		E45BE9840E8CC7DD009D7055 /* QuickTime.framework in Frameworks */ = {isa = PBXBuildFile; fileRef = E45BE97A0E8CC7DD009D7055 /* QuickTime.framework */; };
		E4B69E200A3A1BDC003C02F2 /* main.cpp in Sources */ = {isa = PBXBuildFile; fileRef = E4B69E1D0A3A1BDC003C02F2 /* main.cpp */; };
		E4B69E210A3A1BDC003C02F2 /* testApp.cpp in Sources */ = {isa = PBXBuildFile; fileRef = E4B69E1E0A3A1BDC003C02F2 /* testApp.cpp */; };
		E4C2424710CC5A17004149E2 /* AppKit.framework in Frameworks */ = {isa = PBXBuildFile; fileRef = E4C2424410CC5A17004149E2 /* AppKit.framework */; };
		E4C2424810CC5A17004149E2 /* Cocoa.framework in Frameworks */ = {isa = PBXBuildFile; fileRef = E4C2424510CC5A17004149E2 /* Cocoa.framework */; };
		E4C2424910CC5A17004149E2 /* IOKit.framework in Frameworks */ = {isa = PBXBuildFile; fileRef = E4C2424610CC5A17004149E2 /* IOKit.framework */; };
		E4EB6799138ADC1D00A09F29 /* GLUT.framework in Frameworks */ = {isa = PBXBuildFile; fileRef = BBAB23BE13894E4700AA2426 /* GLUT.framework */; };
		E7E077E515D3B63C0020DFD4 /* CoreVideo.framework in Frameworks */ = {isa = PBXBuildFile; fileRef = E7E077E415D3B63C0020DFD4 /* CoreVideo.framework */; };
		E7E077E815D3B6510020DFD4 /* QTKit.framework in Frameworks */ = {isa = PBXBuildFile; fileRef = E7E077E715D3B6510020DFD4 /* QTKit.framework */; };
		E7F985F815E0DEA3003869B5 /* Accelerate.framework in Frameworks */ = {isa = PBXBuildFile; fileRef = E7F985F515E0DE99003869B5 /* Accelerate.framework */; };
		d3a7d4bc795461110f8b5b623d15eed2 /* myGUI.cpp in Sources */ = {isa = PBXBuildFile; fileRef = 048aa1d476f4fadc6607fa8a111aee17 /* myGUI.cpp */; };
		eba4b2c45f16b0e08fc7d644c73eed24 /* chapterHandler.cpp in Sources */ = {isa = PBXBuildFile; fileRef = a7aa9473d3dae014c920972aab2488d3 /* chapterHandler.cpp */; };
		f29600af35c679e2e9a99fb859dccd66 /* allHandler.cpp in Sources */ = {isa = PBXBuildFile; fileRef = 69b5d05241fe6db26915d3d4e0eecdd3 /* allHandler.cpp */; };
		ff327fb239dbf82631e5bd2772dc5d1b /* miniHandler.cpp in Sources */ = {isa = PBXBuildFile; fileRef = 0f4174da8d9adf73aa2b0fe20950b3de /* miniHandler.cpp */; };
/* End PBXBuildFile section */

/* Begin PBXContainerItemProxy section */
		E4328147138ABC890047C5CB /* PBXContainerItemProxy */ = {
			isa = PBXContainerItemProxy;
			containerPortal = E4328143138ABC890047C5CB /* openFrameworksLib.xcodeproj */;
			proxyType = 2;
			remoteGlobalIDString = E4B27C1510CBEB8E00536013;
			remoteInfo = openFrameworks;
		};
		E4EEB9AB138B136A00A80321 /* PBXContainerItemProxy */ = {
			isa = PBXContainerItemProxy;
			containerPortal = E4328143138ABC890047C5CB /* openFrameworksLib.xcodeproj */;
			proxyType = 1;
			remoteGlobalIDString = E4B27C1410CBEB8E00536013;
			remoteInfo = openFrameworks;
		};
/* End PBXContainerItemProxy section */

/* Begin PBXCopyFilesBuildPhase section */
		678D1CDE166568C000757A80 /* CopyFiles */ = {
			isa = PBXCopyFilesBuildPhase;
			buildActionMask = 2147483647;
			dstPath = "";
			dstSubfolderSpec = 7;
			files = (
				678D1CDF166568C800757A80 /* BROKENFIXED.icns in CopyFiles */,
			);
			runOnlyForDeploymentPostprocessing = 0;
		};
		E4C2427710CC5ABF004149E2 /* CopyFiles */ = {
			isa = PBXCopyFilesBuildPhase;
			buildActionMask = 2147483647;
			dstPath = "";
			dstSubfolderSpec = 10;
			files = (
				BBAB23CB13894F3D00AA2426 /* GLUT.framework in CopyFiles */,
				6722E15C166589C000329F37 /* Syphon.framework in CopyFiles */,
				6781C41B167A98E9000948F9 /* CoreMIDI.framework in CopyFiles */,
			);
			runOnlyForDeploymentPostprocessing = 0;
		};
/* End PBXCopyFilesBuildPhase section */

/* Begin PBXFileReference section */
		048aa1d476f4fadc6607fa8a111aee17 /* myGUI.cpp */ = {isa = PBXFileReference; explicitFileType = sourcecode.cpp.cpp; fileEncoding = 30; name = myGUI.cpp; path = src/GUI/myGUI.cpp; sourceTree = SOURCE_ROOT; };
		0f4174da8d9adf73aa2b0fe20950b3de /* miniHandler.cpp */ = {isa = PBXFileReference; explicitFileType = sourcecode.cpp.cpp; fileEncoding = 30; name = miniHandler.cpp; path = src/miniApps/miniHandler.cpp; sourceTree = SOURCE_ROOT; };
		10c7f2a2283488c0a925b516272a7bbc /* allHandler.h */ = {isa = PBXFileReference; explicitFileType = sourcecode.c.h; fileEncoding = 30; name = allHandler.h; path = src/allHandler.h; sourceTree = SOURCE_ROOT; };
		230004da15b739f33ac6d4b09e731857 /* myGUI.h */ = {isa = PBXFileReference; explicitFileType = sourcecode.c.h; fileEncoding = 30; name = myGUI.h; path = src/GUI/myGUI.h; sourceTree = SOURCE_ROOT; };
		2b1be93adc60a8cbf4d164369d3173a7 /* mainMini.h */ = {isa = PBXFileReference; explicitFileType = sourcecode.c.h; fileEncoding = 30; name = mainMini.h; path = src/miniApps/mainMini.h; sourceTree = SOURCE_ROOT; };
		45ec56d68ee7d214e37e6c1c874b0a56 /* mainMini.cpp */ = {isa = PBXFileReference; explicitFileType = sourcecode.cpp.cpp; fileEncoding = 30; name = mainMini.cpp; path = src/miniApps/mainMini.cpp; sourceTree = SOURCE_ROOT; };
		479479a0cdc85cf6c47bdf586a186433 /* miniHandler.h */ = {isa = PBXFileReference; explicitFileType = sourcecode.c.h; fileEncoding = 30; name = miniHandler.h; path = src/miniApps/miniHandler.h; sourceTree = SOURCE_ROOT; };
		670637B2166BDE7800EB7BB6 /* README */ = {isa = PBXFileReference; fileEncoding = 4; lastKnownFileType = text; path = README; sourceTree = "<group>"; };
		670637B4166BDE7800EB7BB6 /* ofxTransitions.cpp */ = {isa = PBXFileReference; fileEncoding = 4; lastKnownFileType = sourcecode.cpp.cpp; path = ofxTransitions.cpp; sourceTree = "<group>"; };
		670637B5166BDE7800EB7BB6 /* ofxTransitions.h */ = {isa = PBXFileReference; fileEncoding = 4; lastKnownFileType = sourcecode.c.h; path = ofxTransitions.h; sourceTree = "<group>"; };
		670637B6166BDE7800EB7BB6 /* ofxTweener.cpp */ = {isa = PBXFileReference; fileEncoding = 4; lastKnownFileType = sourcecode.cpp.cpp; path = ofxTweener.cpp; sourceTree = "<group>"; };
		670637B7166BDE7800EB7BB6 /* ofxTweener.h */ = {isa = PBXFileReference; fileEncoding = 4; lastKnownFileType = sourcecode.c.h; path = ofxTweener.h; sourceTree = "<group>"; };
		67166B9F166583BF00C9537B /* Instructions.txt */ = {isa = PBXFileReference; fileEncoding = 4; lastKnownFileType = text; path = Instructions.txt; sourceTree = "<group>"; };
		67166BA0166583BF00C9537B /* install.xml */ = {isa = PBXFileReference; fileEncoding = 4; lastKnownFileType = text.xml; path = install.xml; sourceTree = "<group>"; };
		67166BA2166583BF00C9537B /* ofxDirList.h */ = {isa = PBXFileReference; fileEncoding = 4; lastKnownFileType = sourcecode.c.h; path = ofxDirList.h; sourceTree = "<group>"; };
		6722E13E1665892600329F37 /* Syphon.framework */ = {isa = PBXFileReference; lastKnownFileType = wrapper.framework; path = Syphon.framework; sourceTree = "<group>"; };
		6722E1401665892600329F37 /* SyphonNameboundClient.h */ = {isa = PBXFileReference; fileEncoding = 4; lastKnownFileType = sourcecode.c.h; path = SyphonNameboundClient.h; sourceTree = "<group>"; };
		6722E1411665892600329F37 /* SyphonNameboundClient.m */ = {isa = PBXFileReference; fileEncoding = 4; lastKnownFileType = sourcecode.c.objc; path = SyphonNameboundClient.m; sourceTree = "<group>"; };
		6722E1421665892600329F37 /* README */ = {isa = PBXFileReference; fileEncoding = 4; lastKnownFileType = text; path = README; sourceTree = "<group>"; };
		6722E1441665892600329F37 /* ofxSyphon.h */ = {isa = PBXFileReference; fileEncoding = 4; lastKnownFileType = sourcecode.c.h; path = ofxSyphon.h; sourceTree = "<group>"; };
		6722E1451665892600329F37 /* ofxSyphonClient.h */ = {isa = PBXFileReference; fileEncoding = 4; lastKnownFileType = sourcecode.c.h; path = ofxSyphonClient.h; sourceTree = "<group>"; };
		6722E1461665892600329F37 /* ofxSyphonClient.mm */ = {isa = PBXFileReference; fileEncoding = 4; lastKnownFileType = sourcecode.cpp.objcpp; path = ofxSyphonClient.mm; sourceTree = "<group>"; };
		6722E1471665892600329F37 /* ofxSyphonServer.h */ = {isa = PBXFileReference; fileEncoding = 4; lastKnownFileType = sourcecode.c.h; path = ofxSyphonServer.h; sourceTree = "<group>"; };
		6722E1481665892600329F37 /* ofxSyphonServer.mm */ = {isa = PBXFileReference; fileEncoding = 4; lastKnownFileType = sourcecode.cpp.objcpp; path = ofxSyphonServer.mm; sourceTree = "<group>"; };
		6722E15B166589C000329F37 /* Syphon.framework */ = {isa = PBXFileReference; lastKnownFileType = wrapper.framework; name = Syphon.framework; path = ../../../addons/ofxSyphon/libs/Syphon/lib/osx/Syphon.framework; sourceTree = "<group>"; };
		673D7E00167B8850009C7FD8 /* intentie_interpretatie.h */ = {isa = PBXFileReference; fileEncoding = 4; lastKnownFileType = sourcecode.c.h; name = intentie_interpretatie.h; path = miniApps/apps/intentie_interpretatie.h; sourceTree = "<group>"; };
		673D7E01167B8860009C7FD8 /* intentie_interpretatie.cpp */ = {isa = PBXFileReference; fileEncoding = 4; lastKnownFileType = sourcecode.cpp.cpp; name = intentie_interpretatie.cpp; path = miniApps/apps/intentie_interpretatie.cpp; sourceTree = "<group>"; };
		674FC573166B63880076BF2E /* install.xml */ = {isa = PBXFileReference; fileEncoding = 4; lastKnownFileType = text.xml; path = install.xml; sourceTree = "<group>"; };
		674FC575166B63880076BF2E /* ofxThreadedImageLoader.cpp */ = {isa = PBXFileReference; fileEncoding = 4; lastKnownFileType = sourcecode.cpp.cpp; path = ofxThreadedImageLoader.cpp; sourceTree = "<group>"; };
		674FC576166B63880076BF2E /* ofxThreadedImageLoader.h */ = {isa = PBXFileReference; fileEncoding = 4; lastKnownFileType = sourcecode.c.h; path = ofxThreadedImageLoader.h; sourceTree = "<group>"; };
		6765C0F9166D1C8700093CC7 /* zoetroop.h */ = {isa = PBXFileReference; lastKnownFileType = sourcecode.c.h; name = zoetroop.h; path = miniApps/apps/zoetroop.h; sourceTree = "<group>"; };
		6765C0FA166D224100093CC7 /* zoetroop.cpp */ = {isa = PBXFileReference; fileEncoding = 4; lastKnownFileType = sourcecode.cpp.cpp; name = zoetroop.cpp; path = miniApps/apps/zoetroop.cpp; sourceTree = "<group>"; };
		6767B925166A02D1006E8130 /* install.xml */ = {isa = PBXFileReference; fileEncoding = 4; lastKnownFileType = text.xml; path = install.xml; sourceTree = "<group>"; };
		6767B92A166A02D1006E8130 /* IpEndpointName.cpp */ = {isa = PBXFileReference; fileEncoding = 4; lastKnownFileType = sourcecode.cpp.cpp; path = IpEndpointName.cpp; sourceTree = "<group>"; };
		6767B92B166A02D1006E8130 /* IpEndpointName.h */ = {isa = PBXFileReference; fileEncoding = 4; lastKnownFileType = sourcecode.c.h; path = IpEndpointName.h; sourceTree = "<group>"; };
		6767B92C166A02D1006E8130 /* NetworkingUtils.h */ = {isa = PBXFileReference; fileEncoding = 4; lastKnownFileType = sourcecode.c.h; path = NetworkingUtils.h; sourceTree = "<group>"; };
		6767B92D166A02D1006E8130 /* PacketListener.h */ = {isa = PBXFileReference; fileEncoding = 4; lastKnownFileType = sourcecode.c.h; path = PacketListener.h; sourceTree = "<group>"; };
		6767B92F166A02D1006E8130 /* NetworkingUtils.cpp */ = {isa = PBXFileReference; fileEncoding = 4; lastKnownFileType = sourcecode.cpp.cpp; path = NetworkingUtils.cpp; sourceTree = "<group>"; };
		6767B930166A02D1006E8130 /* UdpSocket.cpp */ = {isa = PBXFileReference; fileEncoding = 4; lastKnownFileType = sourcecode.cpp.cpp; path = UdpSocket.cpp; sourceTree = "<group>"; };
		6767B931166A02D1006E8130 /* TimerListener.h */ = {isa = PBXFileReference; fileEncoding = 4; lastKnownFileType = sourcecode.c.h; path = TimerListener.h; sourceTree = "<group>"; };
		6767B932166A02D1006E8130 /* UdpSocket.h */ = {isa = PBXFileReference; fileEncoding = 4; lastKnownFileType = sourcecode.c.h; path = UdpSocket.h; sourceTree = "<group>"; };
		6767B934166A02D1006E8130 /* NetworkingUtilsWin.cpp */ = {isa = PBXFileReference; fileEncoding = 4; lastKnownFileType = sourcecode.cpp.cpp; path = NetworkingUtilsWin.cpp; sourceTree = "<group>"; };
		6767B935166A02D1006E8130 /* UdpSocketWin.cpp */ = {isa = PBXFileReference; fileEncoding = 4; lastKnownFileType = sourcecode.cpp.cpp; path = UdpSocketWin.cpp; sourceTree = "<group>"; };
		6767B937166A02D1006E8130 /* MessageMappingOscPacketListener.h */ = {isa = PBXFileReference; fileEncoding = 4; lastKnownFileType = sourcecode.c.h; path = MessageMappingOscPacketListener.h; sourceTree = "<group>"; };
		6767B938166A02D1006E8130 /* OscException.h */ = {isa = PBXFileReference; fileEncoding = 4; lastKnownFileType = sourcecode.c.h; path = OscException.h; sourceTree = "<group>"; };
		6767B939166A02D1006E8130 /* OscHostEndianness.h */ = {isa = PBXFileReference; fileEncoding = 4; lastKnownFileType = sourcecode.c.h; path = OscHostEndianness.h; sourceTree = "<group>"; };
		6767B93A166A02D1006E8130 /* OscOutboundPacketStream.cpp */ = {isa = PBXFileReference; fileEncoding = 4; lastKnownFileType = sourcecode.cpp.cpp; path = OscOutboundPacketStream.cpp; sourceTree = "<group>"; };
		6767B93B166A02D1006E8130 /* OscOutboundPacketStream.h */ = {isa = PBXFileReference; fileEncoding = 4; lastKnownFileType = sourcecode.c.h; path = OscOutboundPacketStream.h; sourceTree = "<group>"; };
		6767B93C166A02D1006E8130 /* OscPacketListener.h */ = {isa = PBXFileReference; fileEncoding = 4; lastKnownFileType = sourcecode.c.h; path = OscPacketListener.h; sourceTree = "<group>"; };
		6767B93D166A02D1006E8130 /* OscPrintReceivedElements.cpp */ = {isa = PBXFileReference; fileEncoding = 4; lastKnownFileType = sourcecode.cpp.cpp; path = OscPrintReceivedElements.cpp; sourceTree = "<group>"; };
		6767B93E166A02D1006E8130 /* OscPrintReceivedElements.h */ = {isa = PBXFileReference; fileEncoding = 4; lastKnownFileType = sourcecode.c.h; path = OscPrintReceivedElements.h; sourceTree = "<group>"; };
		6767B93F166A02D1006E8130 /* OscReceivedElements.cpp */ = {isa = PBXFileReference; fileEncoding = 4; lastKnownFileType = sourcecode.cpp.cpp; path = OscReceivedElements.cpp; sourceTree = "<group>"; };
		6767B940166A02D1006E8130 /* OscReceivedElements.h */ = {isa = PBXFileReference; fileEncoding = 4; lastKnownFileType = sourcecode.c.h; path = OscReceivedElements.h; sourceTree = "<group>"; };
		6767B941166A02D1006E8130 /* OscTypes.cpp */ = {isa = PBXFileReference; fileEncoding = 4; lastKnownFileType = sourcecode.cpp.cpp; path = OscTypes.cpp; sourceTree = "<group>"; };
		6767B942166A02D1006E8130 /* OscTypes.h */ = {isa = PBXFileReference; fileEncoding = 4; lastKnownFileType = sourcecode.c.h; path = OscTypes.h; sourceTree = "<group>"; };
		6767B944166A02D1006E8130 /* ofxOsc.h */ = {isa = PBXFileReference; fileEncoding = 4; lastKnownFileType = sourcecode.c.h; path = ofxOsc.h; sourceTree = "<group>"; };
		6767B945166A02D1006E8130 /* ofxOscArg.h */ = {isa = PBXFileReference; fileEncoding = 4; lastKnownFileType = sourcecode.c.h; path = ofxOscArg.h; sourceTree = "<group>"; };
		6767B946166A02D1006E8130 /* ofxOscBundle.cpp */ = {isa = PBXFileReference; fileEncoding = 4; lastKnownFileType = sourcecode.cpp.cpp; path = ofxOscBundle.cpp; sourceTree = "<group>"; };
		6767B947166A02D1006E8130 /* ofxOscBundle.h */ = {isa = PBXFileReference; fileEncoding = 4; lastKnownFileType = sourcecode.c.h; path = ofxOscBundle.h; sourceTree = "<group>"; };
		6767B948166A02D1006E8130 /* ofxOscMessage.cpp */ = {isa = PBXFileReference; fileEncoding = 4; lastKnownFileType = sourcecode.cpp.cpp; path = ofxOscMessage.cpp; sourceTree = "<group>"; };
		6767B949166A02D1006E8130 /* ofxOscMessage.h */ = {isa = PBXFileReference; fileEncoding = 4; lastKnownFileType = sourcecode.c.h; path = ofxOscMessage.h; sourceTree = "<group>"; };
		6767B94A166A02D1006E8130 /* ofxOscReceiver.cpp */ = {isa = PBXFileReference; fileEncoding = 4; lastKnownFileType = sourcecode.cpp.cpp; path = ofxOscReceiver.cpp; sourceTree = "<group>"; };
		6767B94B166A02D1006E8130 /* ofxOscReceiver.h */ = {isa = PBXFileReference; fileEncoding = 4; lastKnownFileType = sourcecode.c.h; path = ofxOscReceiver.h; sourceTree = "<group>"; };
		6767B94C166A02D1006E8130 /* ofxOscSender.cpp */ = {isa = PBXFileReference; fileEncoding = 4; lastKnownFileType = sourcecode.cpp.cpp; path = ofxOscSender.cpp; sourceTree = "<group>"; };
		6767B94D166A02D1006E8130 /* ofxOscSender.h */ = {isa = PBXFileReference; fileEncoding = 4; lastKnownFileType = sourcecode.c.h; path = ofxOscSender.h; sourceTree = "<group>"; };
		6767B9AF166A4F68006E8130 /* plaats_origine.h */ = {isa = PBXFileReference; fileEncoding = 4; lastKnownFileType = sourcecode.c.h; name = plaats_origine.h; path = miniApps/apps/plaats_origine.h; sourceTree = "<group>"; };
		6767B9B0166A4F7C006E8130 /* plaats_origine.cpp */ = {isa = PBXFileReference; fileEncoding = 4; lastKnownFileType = sourcecode.cpp.cpp; name = plaats_origine.cpp; path = miniApps/apps/plaats_origine.cpp; sourceTree = "<group>"; };
		6781C3B8167A9466000948F9 /* miditest.pd */ = {isa = PBXFileReference; fileEncoding = 4; lastKnownFileType = text; path = miditest.pd; sourceTree = "<group>"; };
		6781C3BA167A9466000948F9 /* update_pgmidi.sh */ = {isa = PBXFileReference; fileEncoding = 4; lastKnownFileType = text.script.sh; path = update_pgmidi.sh; sourceTree = "<group>"; };
		6781C3BB167A9466000948F9 /* update_rtmidi.sh */ = {isa = PBXFileReference; fileEncoding = 4; lastKnownFileType = text.script.sh; path = update_rtmidi.sh; sourceTree = "<group>"; };
		6781C3BE167A9466000948F9 /* ofxRtMidiIn.cpp */ = {isa = PBXFileReference; fileEncoding = 4; lastKnownFileType = sourcecode.cpp.cpp; path = ofxRtMidiIn.cpp; sourceTree = "<group>"; };
		6781C3BF167A9466000948F9 /* ofxRtMidiIn.h */ = {isa = PBXFileReference; fileEncoding = 4; lastKnownFileType = sourcecode.c.h; path = ofxRtMidiIn.h; sourceTree = "<group>"; };
		6781C3C0167A9466000948F9 /* ofxRtMidiOut.cpp */ = {isa = PBXFileReference; fileEncoding = 4; lastKnownFileType = sourcecode.cpp.cpp; path = ofxRtMidiOut.cpp; sourceTree = "<group>"; };
		6781C3C1167A9466000948F9 /* ofxRtMidiOut.h */ = {isa = PBXFileReference; fileEncoding = 4; lastKnownFileType = sourcecode.c.h; path = ofxRtMidiOut.h; sourceTree = "<group>"; };
		6781C3C3167A9466000948F9 /* readme */ = {isa = PBXFileReference; fileEncoding = 4; lastKnownFileType = text; path = readme; sourceTree = "<group>"; };
		6781C3C4167A9466000948F9 /* RtError.h */ = {isa = PBXFileReference; fileEncoding = 4; lastKnownFileType = sourcecode.c.h; path = RtError.h; sourceTree = "<group>"; };
		6781C3C5167A9466000948F9 /* RtMidi.cpp */ = {isa = PBXFileReference; fileEncoding = 4; lastKnownFileType = sourcecode.cpp.cpp; path = RtMidi.cpp; sourceTree = "<group>"; };
		6781C3C6167A9466000948F9 /* RtMidi.h */ = {isa = PBXFileReference; fileEncoding = 4; lastKnownFileType = sourcecode.c.h; path = RtMidi.h; sourceTree = "<group>"; };
		6781C3DC167A9466000948F9 /* ofxBaseMidi.cpp */ = {isa = PBXFileReference; fileEncoding = 4; lastKnownFileType = sourcecode.cpp.cpp; path = ofxBaseMidi.cpp; sourceTree = "<group>"; };
		6781C3DD167A9466000948F9 /* ofxBaseMidi.h */ = {isa = PBXFileReference; fileEncoding = 4; lastKnownFileType = sourcecode.c.h; path = ofxBaseMidi.h; sourceTree = "<group>"; };
		6781C3DE167A9466000948F9 /* ofxMidi.cpp */ = {isa = PBXFileReference; fileEncoding = 4; lastKnownFileType = sourcecode.cpp.cpp; path = ofxMidi.cpp; sourceTree = "<group>"; };
		6781C3DF167A9466000948F9 /* ofxMidi.h */ = {isa = PBXFileReference; fileEncoding = 4; lastKnownFileType = sourcecode.c.h; path = ofxMidi.h; sourceTree = "<group>"; };
		6781C3E0167A9466000948F9 /* ofxMidiConstants.h */ = {isa = PBXFileReference; fileEncoding = 4; lastKnownFileType = sourcecode.c.h; path = ofxMidiConstants.h; sourceTree = "<group>"; };
		6781C3E1167A9466000948F9 /* ofxMidiIn.cpp */ = {isa = PBXFileReference; fileEncoding = 4; lastKnownFileType = sourcecode.cpp.cpp; path = ofxMidiIn.cpp; sourceTree = "<group>"; };
		6781C3E2167A9466000948F9 /* ofxMidiIn.h */ = {isa = PBXFileReference; fileEncoding = 4; lastKnownFileType = sourcecode.c.h; path = ofxMidiIn.h; sourceTree = "<group>"; };
		6781C3E3167A9466000948F9 /* ofxMidiMessage.cpp */ = {isa = PBXFileReference; fileEncoding = 4; lastKnownFileType = sourcecode.cpp.cpp; path = ofxMidiMessage.cpp; sourceTree = "<group>"; };
		6781C3E4167A9466000948F9 /* ofxMidiMessage.h */ = {isa = PBXFileReference; fileEncoding = 4; lastKnownFileType = sourcecode.c.h; path = ofxMidiMessage.h; sourceTree = "<group>"; };
		6781C3E5167A9466000948F9 /* ofxMidiOut.cpp */ = {isa = PBXFileReference; fileEncoding = 4; lastKnownFileType = sourcecode.cpp.cpp; path = ofxMidiOut.cpp; sourceTree = "<group>"; };
		6781C3E6167A9466000948F9 /* ofxMidiOut.h */ = {isa = PBXFileReference; fileEncoding = 4; lastKnownFileType = sourcecode.c.h; path = ofxMidiOut.h; sourceTree = "<group>"; };
		6781C3E7167A9466000948F9 /* ofxMidiTypes.h */ = {isa = PBXFileReference; fileEncoding = 4; lastKnownFileType = sourcecode.c.h; path = ofxMidiTypes.h; sourceTree = "<group>"; };
		6781C418167A97EC000948F9 /* CoreMIDI.framework */ = {isa = PBXFileReference; lastKnownFileType = wrapper.framework; name = CoreMIDI.framework; path = ../../../../../../System/Library/Frameworks/CoreMIDI.framework; sourceTree = "<group>"; };
		678D1BF5166567C600757A80 /* ofxUI.h */ = {isa = PBXFileReference; fileEncoding = 4; lastKnownFileType = sourcecode.c.h; path = ofxUI.h; sourceTree = "<group>"; };
		678D1BF6166567C600757A80 /* ofxUI2DPad.h */ = {isa = PBXFileReference; fileEncoding = 4; lastKnownFileType = sourcecode.c.h; path = ofxUI2DPad.h; sourceTree = "<group>"; };
		678D1BF7166567C600757A80 /* ofxUIBiLabelSlider.h */ = {isa = PBXFileReference; fileEncoding = 4; lastKnownFileType = sourcecode.c.h; path = ofxUIBiLabelSlider.h; sourceTree = "<group>"; };
		678D1BF8166567C600757A80 /* ofxUIButton.h */ = {isa = PBXFileReference; fileEncoding = 4; lastKnownFileType = sourcecode.c.h; path = ofxUIButton.h; sourceTree = "<group>"; };
		678D1BF9166567C600757A80 /* ofxUICanvas.h */ = {isa = PBXFileReference; fileEncoding = 4; lastKnownFileType = sourcecode.c.h; path = ofxUICanvas.h; sourceTree = "<group>"; };
		678D1BFA166567C600757A80 /* ofxUICircleSlider.h */ = {isa = PBXFileReference; fileEncoding = 4; lastKnownFileType = sourcecode.c.h; path = ofxUICircleSlider.h; sourceTree = "<group>"; };
		678D1BFB166567C600757A80 /* ofxUICustomImageButton.h */ = {isa = PBXFileReference; fileEncoding = 4; lastKnownFileType = sourcecode.c.h; path = ofxUICustomImageButton.h; sourceTree = "<group>"; };
		678D1BFC166567C600757A80 /* ofxUIDropDownList.h */ = {isa = PBXFileReference; fileEncoding = 4; lastKnownFileType = sourcecode.c.h; path = ofxUIDropDownList.h; sourceTree = "<group>"; };
		678D1BFD166567C600757A80 /* ofxUIEventArgs.h */ = {isa = PBXFileReference; fileEncoding = 4; lastKnownFileType = sourcecode.c.h; path = ofxUIEventArgs.h; sourceTree = "<group>"; };
		678D1BFE166567C600757A80 /* ofxUIFPS.h */ = {isa = PBXFileReference; fileEncoding = 4; lastKnownFileType = sourcecode.c.h; path = ofxUIFPS.h; sourceTree = "<group>"; };
		678D1BFF166567C600757A80 /* ofxUIFPSSlider.h */ = {isa = PBXFileReference; fileEncoding = 4; lastKnownFileType = sourcecode.c.h; path = ofxUIFPSSlider.h; sourceTree = "<group>"; };
		678D1C00166567C600757A80 /* ofxUIImage.h */ = {isa = PBXFileReference; fileEncoding = 4; lastKnownFileType = sourcecode.c.h; path = ofxUIImage.h; sourceTree = "<group>"; };
		678D1C01166567C600757A80 /* ofxUIImageButton.h */ = {isa = PBXFileReference; fileEncoding = 4; lastKnownFileType = sourcecode.c.h; path = ofxUIImageButton.h; sourceTree = "<group>"; };
		678D1C02166567C600757A80 /* ofxUIImageSampler.h */ = {isa = PBXFileReference; fileEncoding = 4; lastKnownFileType = sourcecode.c.h; path = ofxUIImageSampler.h; sourceTree = "<group>"; };
		678D1C03166567C600757A80 /* ofxUIImageSlider.h */ = {isa = PBXFileReference; fileEncoding = 4; lastKnownFileType = sourcecode.c.h; path = ofxUIImageSlider.h; sourceTree = "<group>"; };
		678D1C04166567C600757A80 /* ofxUIImageToggle.h */ = {isa = PBXFileReference; fileEncoding = 4; lastKnownFileType = sourcecode.c.h; path = ofxUIImageToggle.h; sourceTree = "<group>"; };
		678D1C05166567C600757A80 /* ofxUILabel.h */ = {isa = PBXFileReference; fileEncoding = 4; lastKnownFileType = sourcecode.c.h; path = ofxUILabel.h; sourceTree = "<group>"; };
		678D1C06166567C600757A80 /* ofxUILabelButton.h */ = {isa = PBXFileReference; fileEncoding = 4; lastKnownFileType = sourcecode.c.h; path = ofxUILabelButton.h; sourceTree = "<group>"; };
		678D1C07166567C600757A80 /* ofxUILabelToggle.h */ = {isa = PBXFileReference; fileEncoding = 4; lastKnownFileType = sourcecode.c.h; path = ofxUILabelToggle.h; sourceTree = "<group>"; };
		678D1C08166567C600757A80 /* ofxUIMinimalSlider.h */ = {isa = PBXFileReference; fileEncoding = 4; lastKnownFileType = sourcecode.c.h; path = ofxUIMinimalSlider.h; sourceTree = "<group>"; };
		678D1C09166567C600757A80 /* ofxUIMovingGraph.h */ = {isa = PBXFileReference; fileEncoding = 4; lastKnownFileType = sourcecode.c.h; path = ofxUIMovingGraph.h; sourceTree = "<group>"; };
		678D1C0A166567C600757A80 /* ofxUIMultiImageButton.h */ = {isa = PBXFileReference; fileEncoding = 4; lastKnownFileType = sourcecode.c.h; path = ofxUIMultiImageButton.h; sourceTree = "<group>"; };
		678D1C0B166567C600757A80 /* ofxUIMultiImageSlider.h */ = {isa = PBXFileReference; fileEncoding = 4; lastKnownFileType = sourcecode.c.h; path = ofxUIMultiImageSlider.h; sourceTree = "<group>"; };
		678D1C0C166567C600757A80 /* ofxUIMultiImageToggle.h */ = {isa = PBXFileReference; fileEncoding = 4; lastKnownFileType = sourcecode.c.h; path = ofxUIMultiImageToggle.h; sourceTree = "<group>"; };
		678D1C0D166567C600757A80 /* ofxUINumberDialer.h */ = {isa = PBXFileReference; fileEncoding = 4; lastKnownFileType = sourcecode.c.h; path = ofxUINumberDialer.h; sourceTree = "<group>"; };
		678D1C0E166567C600757A80 /* ofxUIRadio.h */ = {isa = PBXFileReference; fileEncoding = 4; lastKnownFileType = sourcecode.c.h; path = ofxUIRadio.h; sourceTree = "<group>"; };
		678D1C0F166567C600757A80 /* ofxUIRangeSlider.h */ = {isa = PBXFileReference; fileEncoding = 4; lastKnownFileType = sourcecode.c.h; path = ofxUIRangeSlider.h; sourceTree = "<group>"; };
		678D1C10166567C600757A80 /* ofxUIRectangle.h */ = {isa = PBXFileReference; fileEncoding = 4; lastKnownFileType = sourcecode.c.h; path = ofxUIRectangle.h; sourceTree = "<group>"; };
		678D1C11166567C600757A80 /* ofxUIRotarySlider.h */ = {isa = PBXFileReference; fileEncoding = 4; lastKnownFileType = sourcecode.c.h; path = ofxUIRotarySlider.h; sourceTree = "<group>"; };
		678D1C12166567C600757A80 /* ofxUIScrollableCanvas.h */ = {isa = PBXFileReference; fileEncoding = 4; lastKnownFileType = sourcecode.c.h; path = ofxUIScrollableCanvas.h; sourceTree = "<group>"; };
		678D1C13166567C600757A80 /* ofxUISlider.h */ = {isa = PBXFileReference; fileEncoding = 4; lastKnownFileType = sourcecode.c.h; path = ofxUISlider.h; sourceTree = "<group>"; };
		678D1C14166567C600757A80 /* ofxUISpacer.h */ = {isa = PBXFileReference; fileEncoding = 4; lastKnownFileType = sourcecode.c.h; path = ofxUISpacer.h; sourceTree = "<group>"; };
		678D1C15166567C600757A80 /* ofxUISpectrum.h */ = {isa = PBXFileReference; fileEncoding = 4; lastKnownFileType = sourcecode.c.h; path = ofxUISpectrum.h; sourceTree = "<group>"; };
		678D1C16166567C600757A80 /* ofxUITextArea.h */ = {isa = PBXFileReference; fileEncoding = 4; lastKnownFileType = sourcecode.c.h; path = ofxUITextArea.h; sourceTree = "<group>"; };
		678D1C17166567C600757A80 /* ofxUITextInput.h */ = {isa = PBXFileReference; fileEncoding = 4; lastKnownFileType = sourcecode.c.h; path = ofxUITextInput.h; sourceTree = "<group>"; };
		678D1C18166567C600757A80 /* ofxUIToggle.h */ = {isa = PBXFileReference; fileEncoding = 4; lastKnownFileType = sourcecode.c.h; path = ofxUIToggle.h; sourceTree = "<group>"; };
		678D1C19166567C600757A80 /* ofxUIToggleMatrix.h */ = {isa = PBXFileReference; fileEncoding = 4; lastKnownFileType = sourcecode.c.h; path = ofxUIToggleMatrix.h; sourceTree = "<group>"; };
		678D1C1A166567C600757A80 /* ofxUIWaveform.h */ = {isa = PBXFileReference; fileEncoding = 4; lastKnownFileType = sourcecode.c.h; path = ofxUIWaveform.h; sourceTree = "<group>"; };
		678D1C1B166567C600757A80 /* ofxUIWidget.h */ = {isa = PBXFileReference; fileEncoding = 4; lastKnownFileType = sourcecode.c.h; path = ofxUIWidget.h; sourceTree = "<group>"; };
		678D1C1C166567C600757A80 /* ofxUIWidgetWithLabel.h */ = {isa = PBXFileReference; fileEncoding = 4; lastKnownFileType = sourcecode.c.h; path = ofxUIWidgetWithLabel.h; sourceTree = "<group>"; };
		678D1CBE1665680300757A80 /* tinyxml.cpp */ = {isa = PBXFileReference; fileEncoding = 4; lastKnownFileType = sourcecode.cpp.cpp; path = tinyxml.cpp; sourceTree = "<group>"; };
		678D1CBF1665680300757A80 /* tinyxml.h */ = {isa = PBXFileReference; fileEncoding = 4; lastKnownFileType = sourcecode.c.h; path = tinyxml.h; sourceTree = "<group>"; };
		678D1CC01665680300757A80 /* tinyxmlerror.cpp */ = {isa = PBXFileReference; fileEncoding = 4; lastKnownFileType = sourcecode.cpp.cpp; path = tinyxmlerror.cpp; sourceTree = "<group>"; };
		678D1CC11665680300757A80 /* tinyxmlparser.cpp */ = {isa = PBXFileReference; fileEncoding = 4; lastKnownFileType = sourcecode.cpp.cpp; path = tinyxmlparser.cpp; sourceTree = "<group>"; };
		678D1CC31665680300757A80 /* ofxXmlSettings.cpp */ = {isa = PBXFileReference; fileEncoding = 4; lastKnownFileType = sourcecode.cpp.cpp; path = ofxXmlSettings.cpp; sourceTree = "<group>"; };
		678D1CC41665680300757A80 /* ofxXmlSettings.h */ = {isa = PBXFileReference; fileEncoding = 4; lastKnownFileType = sourcecode.c.h; path = ofxXmlSettings.h; sourceTree = "<group>"; };
		678D1CCB1665681400757A80 /* Instructions.txt */ = {isa = PBXFileReference; fileEncoding = 4; lastKnownFileType = text; path = Instructions.txt; sourceTree = "<group>"; };
		678D1CCC1665681400757A80 /* install.xml */ = {isa = PBXFileReference; fileEncoding = 4; lastKnownFileType = text.xml; path = install.xml; sourceTree = "<group>"; };
		678D1CCE1665681400757A80 /* ofxNetwork.h */ = {isa = PBXFileReference; fileEncoding = 4; lastKnownFileType = sourcecode.c.h; path = ofxNetwork.h; sourceTree = "<group>"; };
		678D1CCF1665681400757A80 /* ofxNetworkUtils.h */ = {isa = PBXFileReference; fileEncoding = 4; lastKnownFileType = sourcecode.c.h; path = ofxNetworkUtils.h; sourceTree = "<group>"; };
		678D1CD01665681400757A80 /* ofxTCPClient.cpp */ = {isa = PBXFileReference; fileEncoding = 4; lastKnownFileType = sourcecode.cpp.cpp; path = ofxTCPClient.cpp; sourceTree = "<group>"; };
		678D1CD11665681400757A80 /* ofxTCPClient.h */ = {isa = PBXFileReference; fileEncoding = 4; lastKnownFileType = sourcecode.c.h; path = ofxTCPClient.h; sourceTree = "<group>"; };
		678D1CD21665681400757A80 /* ofxTCPManager.cpp */ = {isa = PBXFileReference; fileEncoding = 4; lastKnownFileType = sourcecode.cpp.cpp; path = ofxTCPManager.cpp; sourceTree = "<group>"; };
		678D1CD31665681400757A80 /* ofxTCPManager.h */ = {isa = PBXFileReference; fileEncoding = 4; lastKnownFileType = sourcecode.c.h; path = ofxTCPManager.h; sourceTree = "<group>"; };
		678D1CD41665681400757A80 /* ofxTCPServer.cpp */ = {isa = PBXFileReference; fileEncoding = 4; lastKnownFileType = sourcecode.cpp.cpp; path = ofxTCPServer.cpp; sourceTree = "<group>"; };
		678D1CD51665681400757A80 /* ofxTCPServer.h */ = {isa = PBXFileReference; fileEncoding = 4; lastKnownFileType = sourcecode.c.h; path = ofxTCPServer.h; sourceTree = "<group>"; };
		678D1CD61665681400757A80 /* ofxUDPManager.cpp */ = {isa = PBXFileReference; fileEncoding = 4; lastKnownFileType = sourcecode.cpp.cpp; path = ofxUDPManager.cpp; sourceTree = "<group>"; };
		678D1CD71665681400757A80 /* ofxUDPManager.h */ = {isa = PBXFileReference; fileEncoding = 4; lastKnownFileType = sourcecode.c.h; path = ofxUDPManager.h; sourceTree = "<group>"; };
		678D1CDD166568A300757A80 /* BROKENFIXED.icns */ = {isa = PBXFileReference; lastKnownFileType = image.icns; path = BROKENFIXED.icns; sourceTree = "<group>"; };
		67D18FFA16726202002FF0A7 /* ofxImageSequence.cpp */ = {isa = PBXFileReference; fileEncoding = 4; lastKnownFileType = sourcecode.cpp.cpp; path = ofxImageSequence.cpp; sourceTree = "<group>"; };
		67D18FFB16726202002FF0A7 /* ofxImageSequence.h */ = {isa = PBXFileReference; fileEncoding = 4; lastKnownFileType = sourcecode.c.h; path = ofxImageSequence.h; sourceTree = "<group>"; };
		67DB07A01675474D00D9F006 /* mpeClientTCP.cpp */ = {isa = PBXFileReference; fileEncoding = 4; lastKnownFileType = sourcecode.cpp.cpp; path = mpeClientTCP.cpp; sourceTree = "<group>"; };
		67DB07A11675474D00D9F006 /* mpeClientTCP.h */ = {isa = PBXFileReference; fileEncoding = 4; lastKnownFileType = sourcecode.c.h; path = mpeClientTCP.h; sourceTree = "<group>"; };
		67DB07A21675474D00D9F006 /* ofxMostPixelsEver.h */ = {isa = PBXFileReference; fileEncoding = 4; lastKnownFileType = sourcecode.c.h; path = ofxMostPixelsEver.h; sourceTree = "<group>"; };
		69b5d05241fe6db26915d3d4e0eecdd3 /* allHandler.cpp */ = {isa = PBXFileReference; explicitFileType = sourcecode.cpp.cpp; fileEncoding = 30; name = allHandler.cpp; path = src/allHandler.cpp; sourceTree = SOURCE_ROOT; };
		970ac9e9302a052a8528c9a019334a29 /* customPlayer.h */ = {isa = PBXFileReference; explicitFileType = sourcecode.c.h; fileEncoding = 30; name = customPlayer.h; path = src/videoPlayer/customPlayer.h; sourceTree = SOURCE_ROOT; };
		BBAB23BE13894E4700AA2426 /* GLUT.framework */ = {isa = PBXFileReference; lastKnownFileType = wrapper.framework; name = GLUT.framework; path = ../../../libs/glut/lib/osx/GLUT.framework; sourceTree = "<group>"; };
		E4328143138ABC890047C5CB /* openFrameworksLib.xcodeproj */ = {isa = PBXFileReference; lastKnownFileType = "wrapper.pb-project"; name = openFrameworksLib.xcodeproj; path = ../../../libs/openFrameworksCompiled/project/osx/openFrameworksLib.xcodeproj; sourceTree = SOURCE_ROOT; };
		E45BE9710E8CC7DD009D7055 /* AGL.framework */ = {isa = PBXFileReference; lastKnownFileType = wrapper.framework; name = AGL.framework; path = /System/Library/Frameworks/AGL.framework; sourceTree = "<absolute>"; };
		E45BE9720E8CC7DD009D7055 /* ApplicationServices.framework */ = {isa = PBXFileReference; lastKnownFileType = wrapper.framework; name = ApplicationServices.framework; path = /System/Library/Frameworks/ApplicationServices.framework; sourceTree = "<absolute>"; };
		E45BE9730E8CC7DD009D7055 /* AudioToolbox.framework */ = {isa = PBXFileReference; lastKnownFileType = wrapper.framework; name = AudioToolbox.framework; path = /System/Library/Frameworks/AudioToolbox.framework; sourceTree = "<absolute>"; };
		E45BE9740E8CC7DD009D7055 /* Carbon.framework */ = {isa = PBXFileReference; lastKnownFileType = wrapper.framework; name = Carbon.framework; path = /System/Library/Frameworks/Carbon.framework; sourceTree = "<absolute>"; };
		E45BE9750E8CC7DD009D7055 /* CoreAudio.framework */ = {isa = PBXFileReference; lastKnownFileType = wrapper.framework; name = CoreAudio.framework; path = /System/Library/Frameworks/CoreAudio.framework; sourceTree = "<absolute>"; };
		E45BE9760E8CC7DD009D7055 /* CoreFoundation.framework */ = {isa = PBXFileReference; lastKnownFileType = wrapper.framework; name = CoreFoundation.framework; path = /System/Library/Frameworks/CoreFoundation.framework; sourceTree = "<absolute>"; };
		E45BE9770E8CC7DD009D7055 /* CoreServices.framework */ = {isa = PBXFileReference; lastKnownFileType = wrapper.framework; name = CoreServices.framework; path = /System/Library/Frameworks/CoreServices.framework; sourceTree = "<absolute>"; };
		E45BE9790E8CC7DD009D7055 /* OpenGL.framework */ = {isa = PBXFileReference; lastKnownFileType = wrapper.framework; name = OpenGL.framework; path = /System/Library/Frameworks/OpenGL.framework; sourceTree = "<absolute>"; };
		E45BE97A0E8CC7DD009D7055 /* QuickTime.framework */ = {isa = PBXFileReference; lastKnownFileType = wrapper.framework; name = QuickTime.framework; path = /System/Library/Frameworks/QuickTime.framework; sourceTree = "<absolute>"; };
		E4B69B5B0A3A1756003C02F2 /* eCinemaSetupDebug.app */ = {isa = PBXFileReference; explicitFileType = wrapper.application; includeInIndex = 0; path = eCinemaSetupDebug.app; sourceTree = BUILT_PRODUCTS_DIR; };
		E4B69E1D0A3A1BDC003C02F2 /* main.cpp */ = {isa = PBXFileReference; fileEncoding = 30; lastKnownFileType = sourcecode.cpp.cpp; name = main.cpp; path = src/main.cpp; sourceTree = SOURCE_ROOT; };
		E4B69E1E0A3A1BDC003C02F2 /* testApp.cpp */ = {isa = PBXFileReference; explicitFileType = sourcecode.cpp.cpp; fileEncoding = 30; name = testApp.cpp; path = src/testApp.cpp; sourceTree = SOURCE_ROOT; };
		E4B69E1F0A3A1BDC003C02F2 /* testApp.h */ = {isa = PBXFileReference; fileEncoding = 30; lastKnownFileType = sourcecode.c.h; name = testApp.h; path = src/testApp.h; sourceTree = SOURCE_ROOT; };
		E4B6FCAD0C3E899E008CF71C /* openFrameworks-Info.plist */ = {isa = PBXFileReference; fileEncoding = 30; lastKnownFileType = text.plist.xml; path = "openFrameworks-Info.plist"; sourceTree = "<group>"; };
		E4C2424410CC5A17004149E2 /* AppKit.framework */ = {isa = PBXFileReference; lastKnownFileType = wrapper.framework; name = AppKit.framework; path = /System/Library/Frameworks/AppKit.framework; sourceTree = "<absolute>"; };
		E4C2424510CC5A17004149E2 /* Cocoa.framework */ = {isa = PBXFileReference; lastKnownFileType = wrapper.framework; name = Cocoa.framework; path = /System/Library/Frameworks/Cocoa.framework; sourceTree = "<absolute>"; };
		E4C2424610CC5A17004149E2 /* IOKit.framework */ = {isa = PBXFileReference; lastKnownFileType = wrapper.framework; name = IOKit.framework; path = /System/Library/Frameworks/IOKit.framework; sourceTree = "<absolute>"; };
		E4EB691F138AFCF100A09F29 /* CoreOF.xcconfig */ = {isa = PBXFileReference; fileEncoding = 4; lastKnownFileType = text.xcconfig; name = CoreOF.xcconfig; path = ../../../libs/openFrameworksCompiled/project/osx/CoreOF.xcconfig; sourceTree = SOURCE_ROOT; };
		E4EB6923138AFD0F00A09F29 /* Project.xcconfig */ = {isa = PBXFileReference; fileEncoding = 4; lastKnownFileType = text.xcconfig; path = Project.xcconfig; sourceTree = "<group>"; };
		E7E077E415D3B63C0020DFD4 /* CoreVideo.framework */ = {isa = PBXFileReference; lastKnownFileType = wrapper.framework; name = CoreVideo.framework; path = /System/Library/Frameworks/CoreVideo.framework; sourceTree = "<absolute>"; };
		E7E077E715D3B6510020DFD4 /* QTKit.framework */ = {isa = PBXFileReference; lastKnownFileType = wrapper.framework; name = QTKit.framework; path = /System/Library/Frameworks/QTKit.framework; sourceTree = "<absolute>"; };
		E7F985F515E0DE99003869B5 /* Accelerate.framework */ = {isa = PBXFileReference; lastKnownFileType = wrapper.framework; name = Accelerate.framework; path = /System/Library/Frameworks/Accelerate.framework; sourceTree = "<absolute>"; };
		a7aa9473d3dae014c920972aab2488d3 /* chapterHandler.cpp */ = {isa = PBXFileReference; explicitFileType = sourcecode.cpp.cpp; fileEncoding = 30; name = chapterHandler.cpp; path = src/chapterHandler/chapterHandler.cpp; sourceTree = SOURCE_ROOT; };
		b4321621b62306afbe4494999f366ef0 /* chapterHandler.h */ = {isa = PBXFileReference; explicitFileType = sourcecode.c.h; fileEncoding = 30; name = chapterHandler.h; path = src/chapterHandler/chapterHandler.h; sourceTree = SOURCE_ROOT; };
		de26b22013b03f284194c13977f12875 /* customPlayer.cpp */ = {isa = PBXFileReference; explicitFileType = sourcecode.cpp.cpp; fileEncoding = 30; name = customPlayer.cpp; path = src/videoPlayer/customPlayer.cpp; sourceTree = SOURCE_ROOT; };
/* End PBXFileReference section */

/* Begin PBXFrameworksBuildPhase section */
		E4B69B590A3A1756003C02F2 /* Frameworks */ = {
			isa = PBXFrameworksBuildPhase;
			buildActionMask = 2147483647;
			files = (
				6722E14E1665892600329F37 /* Syphon.framework in Frameworks */,
				E7F985F815E0DEA3003869B5 /* Accelerate.framework in Frameworks */,
				E7E077E815D3B6510020DFD4 /* QTKit.framework in Frameworks */,
				E4EB6799138ADC1D00A09F29 /* GLUT.framework in Frameworks */,
				E4328149138ABC9F0047C5CB /* openFrameworksDebug.a in Frameworks */,
				E45BE97B0E8CC7DD009D7055 /* AGL.framework in Frameworks */,
				E45BE97C0E8CC7DD009D7055 /* ApplicationServices.framework in Frameworks */,
				E45BE97D0E8CC7DD009D7055 /* AudioToolbox.framework in Frameworks */,
				E45BE97E0E8CC7DD009D7055 /* Carbon.framework in Frameworks */,
				E45BE97F0E8CC7DD009D7055 /* CoreAudio.framework in Frameworks */,
				E45BE9800E8CC7DD009D7055 /* CoreFoundation.framework in Frameworks */,
				E45BE9810E8CC7DD009D7055 /* CoreServices.framework in Frameworks */,
				E45BE9830E8CC7DD009D7055 /* OpenGL.framework in Frameworks */,
				E45BE9840E8CC7DD009D7055 /* QuickTime.framework in Frameworks */,
				E4C2424710CC5A17004149E2 /* AppKit.framework in Frameworks */,
				E4C2424810CC5A17004149E2 /* Cocoa.framework in Frameworks */,
				E4C2424910CC5A17004149E2 /* IOKit.framework in Frameworks */,
				E7E077E515D3B63C0020DFD4 /* CoreVideo.framework in Frameworks */,
				6781C419167A97EC000948F9 /* CoreMIDI.framework in Frameworks */,
			);
			runOnlyForDeploymentPostprocessing = 0;
		};
/* End PBXFrameworksBuildPhase section */

/* Begin PBXGroup section */
		07ff7d44f0314ecd99e40c588dcfeab9 /* apps */ = {
			isa = PBXGroup;
			children = (
				6767B9AF166A4F68006E8130 /* plaats_origine.h */,
				6767B9B0166A4F7C006E8130 /* plaats_origine.cpp */,
				6765C0F9166D1C8700093CC7 /* zoetroop.h */,
				6765C0FA166D224100093CC7 /* zoetroop.cpp */,
				673D7E00167B8850009C7FD8 /* intentie_interpretatie.h */,
				673D7E01167B8860009C7FD8 /* intentie_interpretatie.cpp */,
			);
			name = apps;
			sourceTree = "<group>";
		};
		52282f97f75febaa2a674ca8d02598b5 /* videoPlayer */ = {
			isa = PBXGroup;
			children = (
				970ac9e9302a052a8528c9a019334a29 /* customPlayer.h */,
				de26b22013b03f284194c13977f12875 /* customPlayer.cpp */,
			);
			name = videoPlayer;
			sourceTree = "<group>";
		};
		525b55d492f76f3cb735402fd8efe249 /* miniApps */ = {
			isa = PBXGroup;
			children = (
				479479a0cdc85cf6c47bdf586a186433 /* miniHandler.h */,
				0f4174da8d9adf73aa2b0fe20950b3de /* miniHandler.cpp */,
				2b1be93adc60a8cbf4d164369d3173a7 /* mainMini.h */,
				45ec56d68ee7d214e37e6c1c874b0a56 /* mainMini.cpp */,
				07ff7d44f0314ecd99e40c588dcfeab9 /* apps */,
			);
			name = miniApps;
			sourceTree = "<group>";
		};
		670637A3166BDE7800EB7BB6 /* ofxTweener */ = {
			isa = PBXGroup;
			children = (
				670637B2166BDE7800EB7BB6 /* README */,
				670637B3166BDE7800EB7BB6 /* src */,
			);
			name = ofxTweener;
			path = ../../../addons/ofxTweener;
			sourceTree = "<group>";
		};
		670637B3166BDE7800EB7BB6 /* src */ = {
			isa = PBXGroup;
			children = (
				670637B4166BDE7800EB7BB6 /* ofxTransitions.cpp */,
				670637B5166BDE7800EB7BB6 /* ofxTransitions.h */,
				670637B6166BDE7800EB7BB6 /* ofxTweener.cpp */,
				670637B7166BDE7800EB7BB6 /* ofxTweener.h */,
			);
			path = src;
			sourceTree = "<group>";
		};
		67166B9D166583BF00C9537B /* ofxDirList */ = {
			isa = PBXGroup;
			children = (
				67166B9E166583BF00C9537B /* doc */,
				67166BA0166583BF00C9537B /* install.xml */,
				67166BA1166583BF00C9537B /* src */,
			);
			name = ofxDirList;
			path = ../../../addons/ofxDirList;
			sourceTree = "<group>";
		};
		67166B9E166583BF00C9537B /* doc */ = {
			isa = PBXGroup;
			children = (
				67166B9F166583BF00C9537B /* Instructions.txt */,
			);
			path = doc;
			sourceTree = "<group>";
		};
		67166BA1166583BF00C9537B /* src */ = {
			isa = PBXGroup;
			children = (
				67166BA2166583BF00C9537B /* ofxDirList.h */,
			);
			path = src;
			sourceTree = "<group>";
		};
		6722E1271665892600329F37 /* ofxSyphon */ = {
			isa = PBXGroup;
			children = (
				6722E13A1665892600329F37 /* libs */,
				6722E1421665892600329F37 /* README */,
				6722E1431665892600329F37 /* src */,
			);
			name = ofxSyphon;
			path = ../../../addons/ofxSyphon;
			sourceTree = "<group>";
		};
		6722E13A1665892600329F37 /* libs */ = {
			isa = PBXGroup;
			children = (
				6722E13B1665892600329F37 /* Syphon */,
			);
			path = libs;
			sourceTree = "<group>";
		};
		6722E13B1665892600329F37 /* Syphon */ = {
			isa = PBXGroup;
			children = (
				6722E13C1665892600329F37 /* lib */,
				6722E13F1665892600329F37 /* src */,
			);
			path = Syphon;
			sourceTree = "<group>";
		};
		6722E13C1665892600329F37 /* lib */ = {
			isa = PBXGroup;
			children = (
				6722E13D1665892600329F37 /* osx */,
			);
			path = lib;
			sourceTree = "<group>";
		};
		6722E13D1665892600329F37 /* osx */ = {
			isa = PBXGroup;
			children = (
				6722E13E1665892600329F37 /* Syphon.framework */,
			);
			path = osx;
			sourceTree = "<group>";
		};
		6722E13F1665892600329F37 /* src */ = {
			isa = PBXGroup;
			children = (
				6722E1401665892600329F37 /* SyphonNameboundClient.h */,
				6722E1411665892600329F37 /* SyphonNameboundClient.m */,
			);
			path = src;
			sourceTree = "<group>";
		};
		6722E1431665892600329F37 /* src */ = {
			isa = PBXGroup;
			children = (
				6722E1441665892600329F37 /* ofxSyphon.h */,
				6722E1451665892600329F37 /* ofxSyphonClient.h */,
				6722E1461665892600329F37 /* ofxSyphonClient.mm */,
				6722E1471665892600329F37 /* ofxSyphonServer.h */,
				6722E1481665892600329F37 /* ofxSyphonServer.mm */,
			);
			path = src;
			sourceTree = "<group>";
		};
		674FC572166B63880076BF2E /* ofxThreadedImageLoader */ = {
			isa = PBXGroup;
			children = (
				674FC573166B63880076BF2E /* install.xml */,
				674FC574166B63880076BF2E /* src */,
			);
			name = ofxThreadedImageLoader;
			path = ../../../addons/ofxThreadedImageLoader;
			sourceTree = "<group>";
		};
		674FC574166B63880076BF2E /* src */ = {
			isa = PBXGroup;
			children = (
				674FC575166B63880076BF2E /* ofxThreadedImageLoader.cpp */,
				674FC576166B63880076BF2E /* ofxThreadedImageLoader.h */,
			);
			path = src;
			sourceTree = "<group>";
		};
		6767B924166A02D1006E8130 /* ofxOsc */ = {
			isa = PBXGroup;
			children = (
				6767B925166A02D1006E8130 /* install.xml */,
				6767B926166A02D1006E8130 /* libs */,
				6767B943166A02D1006E8130 /* src */,
			);
			name = ofxOsc;
			path = ../../../addons/ofxOsc;
			sourceTree = "<group>";
		};
		6767B926166A02D1006E8130 /* libs */ = {
			isa = PBXGroup;
			children = (
				6767B927166A02D1006E8130 /* oscpack */,
			);
			path = libs;
			sourceTree = "<group>";
		};
		6767B927166A02D1006E8130 /* oscpack */ = {
			isa = PBXGroup;
			children = (
				6767B928166A02D1006E8130 /* src */,
			);
			path = oscpack;
			sourceTree = "<group>";
		};
		6767B928166A02D1006E8130 /* src */ = {
			isa = PBXGroup;
			children = (
				6767B929166A02D1006E8130 /* ip */,
				6767B936166A02D1006E8130 /* osc */,
			);
			path = src;
			sourceTree = "<group>";
		};
		6767B929166A02D1006E8130 /* ip */ = {
			isa = PBXGroup;
			children = (
				6767B92A166A02D1006E8130 /* IpEndpointName.cpp */,
				6767B92B166A02D1006E8130 /* IpEndpointName.h */,
				6767B92C166A02D1006E8130 /* NetworkingUtils.h */,
				6767B92D166A02D1006E8130 /* PacketListener.h */,
				6767B92E166A02D1006E8130 /* posix */,
				6767B931166A02D1006E8130 /* TimerListener.h */,
				6767B932166A02D1006E8130 /* UdpSocket.h */,
				6767B933166A02D1006E8130 /* win32 */,
			);
			path = ip;
			sourceTree = "<group>";
		};
		6767B92E166A02D1006E8130 /* posix */ = {
			isa = PBXGroup;
			children = (
				6767B92F166A02D1006E8130 /* NetworkingUtils.cpp */,
				6767B930166A02D1006E8130 /* UdpSocket.cpp */,
			);
			path = posix;
			sourceTree = "<group>";
		};
		6767B933166A02D1006E8130 /* win32 */ = {
			isa = PBXGroup;
			children = (
				6767B934166A02D1006E8130 /* NetworkingUtilsWin.cpp */,
				6767B935166A02D1006E8130 /* UdpSocketWin.cpp */,
			);
			path = win32;
			sourceTree = "<group>";
		};
		6767B936166A02D1006E8130 /* osc */ = {
			isa = PBXGroup;
			children = (
				6767B937166A02D1006E8130 /* MessageMappingOscPacketListener.h */,
				6767B938166A02D1006E8130 /* OscException.h */,
				6767B939166A02D1006E8130 /* OscHostEndianness.h */,
				6767B93A166A02D1006E8130 /* OscOutboundPacketStream.cpp */,
				6767B93B166A02D1006E8130 /* OscOutboundPacketStream.h */,
				6767B93C166A02D1006E8130 /* OscPacketListener.h */,
				6767B93D166A02D1006E8130 /* OscPrintReceivedElements.cpp */,
				6767B93E166A02D1006E8130 /* OscPrintReceivedElements.h */,
				6767B93F166A02D1006E8130 /* OscReceivedElements.cpp */,
				6767B940166A02D1006E8130 /* OscReceivedElements.h */,
				6767B941166A02D1006E8130 /* OscTypes.cpp */,
				6767B942166A02D1006E8130 /* OscTypes.h */,
			);
			path = osc;
			sourceTree = "<group>";
		};
		6767B943166A02D1006E8130 /* src */ = {
			isa = PBXGroup;
			children = (
				6767B944166A02D1006E8130 /* ofxOsc.h */,
				6767B945166A02D1006E8130 /* ofxOscArg.h */,
				6767B946166A02D1006E8130 /* ofxOscBundle.cpp */,
				6767B947166A02D1006E8130 /* ofxOscBundle.h */,
				6767B948166A02D1006E8130 /* ofxOscMessage.cpp */,
				6767B949166A02D1006E8130 /* ofxOscMessage.h */,
				6767B94A166A02D1006E8130 /* ofxOscReceiver.cpp */,
				6767B94B166A02D1006E8130 /* ofxOscReceiver.h */,
				6767B94C166A02D1006E8130 /* ofxOscSender.cpp */,
				6767B94D166A02D1006E8130 /* ofxOscSender.h */,
			);
			path = src;
			sourceTree = "<group>";
		};
		6781C379167A9466000948F9 /* ofxMidi */ = {
			isa = PBXGroup;
			children = (
				6781C3B7167A9466000948F9 /* res */,
				6781C3B9167A9466000948F9 /* scripts */,
				6781C3BC167A9466000948F9 /* src */,
			);
			name = ofxMidi;
			path = ../../../addons/ofxMidi;
			sourceTree = "<group>";
		};
		6781C3B7167A9466000948F9 /* res */ = {
			isa = PBXGroup;
			children = (
				6781C3B8167A9466000948F9 /* miditest.pd */,
			);
			path = res;
			sourceTree = "<group>";
		};
		6781C3B9167A9466000948F9 /* scripts */ = {
			isa = PBXGroup;
			children = (
				6781C3BA167A9466000948F9 /* update_pgmidi.sh */,
				6781C3BB167A9466000948F9 /* update_rtmidi.sh */,
			);
			path = scripts;
			sourceTree = "<group>";
		};
		6781C3BC167A9466000948F9 /* src */ = {
			isa = PBXGroup;
			children = (
				6781C3BD167A9466000948F9 /* desktop */,
				6781C3DC167A9466000948F9 /* ofxBaseMidi.cpp */,
				6781C3DD167A9466000948F9 /* ofxBaseMidi.h */,
				6781C3DE167A9466000948F9 /* ofxMidi.cpp */,
				6781C3DF167A9466000948F9 /* ofxMidi.h */,
				6781C3E0167A9466000948F9 /* ofxMidiConstants.h */,
				6781C3E1167A9466000948F9 /* ofxMidiIn.cpp */,
				6781C3E2167A9466000948F9 /* ofxMidiIn.h */,
				6781C3E3167A9466000948F9 /* ofxMidiMessage.cpp */,
				6781C3E4167A9466000948F9 /* ofxMidiMessage.h */,
				6781C3E5167A9466000948F9 /* ofxMidiOut.cpp */,
				6781C3E6167A9466000948F9 /* ofxMidiOut.h */,
				6781C3E7167A9466000948F9 /* ofxMidiTypes.h */,
			);
			path = src;
			sourceTree = "<group>";
		};
		6781C3BD167A9466000948F9 /* desktop */ = {
			isa = PBXGroup;
			children = (
				6781C3BE167A9466000948F9 /* ofxRtMidiIn.cpp */,
				6781C3BF167A9466000948F9 /* ofxRtMidiIn.h */,
				6781C3C0167A9466000948F9 /* ofxRtMidiOut.cpp */,
				6781C3C1167A9466000948F9 /* ofxRtMidiOut.h */,
				6781C3C2167A9466000948F9 /* rtmidi */,
			);
			path = desktop;
			sourceTree = "<group>";
		};
		6781C3C2167A9466000948F9 /* rtmidi */ = {
			isa = PBXGroup;
			children = (
				6781C3C3167A9466000948F9 /* readme */,
				6781C3C4167A9466000948F9 /* RtError.h */,
				6781C3C5167A9466000948F9 /* RtMidi.cpp */,
				6781C3C6167A9466000948F9 /* RtMidi.h */,
			);
			path = rtmidi;
			sourceTree = "<group>";
		};
		678D1A73166567C600757A80 /* ofxUI */ = {
			isa = PBXGroup;
			children = (
				678D1BF4166567C600757A80 /* src */,
			);
			name = ofxUI;
			path = ../../../addons/ofxUI;
			sourceTree = "<group>";
		};
		678D1BF4166567C600757A80 /* src */ = {
			isa = PBXGroup;
			children = (
				678D1BF5166567C600757A80 /* ofxUI.h */,
				678D1BF6166567C600757A80 /* ofxUI2DPad.h */,
				678D1BF7166567C600757A80 /* ofxUIBiLabelSlider.h */,
				678D1BF8166567C600757A80 /* ofxUIButton.h */,
				678D1BF9166567C600757A80 /* ofxUICanvas.h */,
				678D1BFA166567C600757A80 /* ofxUICircleSlider.h */,
				678D1BFB166567C600757A80 /* ofxUICustomImageButton.h */,
				678D1BFC166567C600757A80 /* ofxUIDropDownList.h */,
				678D1BFD166567C600757A80 /* ofxUIEventArgs.h */,
				678D1BFE166567C600757A80 /* ofxUIFPS.h */,
				678D1BFF166567C600757A80 /* ofxUIFPSSlider.h */,
				678D1C00166567C600757A80 /* ofxUIImage.h */,
				678D1C01166567C600757A80 /* ofxUIImageButton.h */,
				678D1C02166567C600757A80 /* ofxUIImageSampler.h */,
				678D1C03166567C600757A80 /* ofxUIImageSlider.h */,
				678D1C04166567C600757A80 /* ofxUIImageToggle.h */,
				678D1C05166567C600757A80 /* ofxUILabel.h */,
				678D1C06166567C600757A80 /* ofxUILabelButton.h */,
				678D1C07166567C600757A80 /* ofxUILabelToggle.h */,
				678D1C08166567C600757A80 /* ofxUIMinimalSlider.h */,
				678D1C09166567C600757A80 /* ofxUIMovingGraph.h */,
				678D1C0A166567C600757A80 /* ofxUIMultiImageButton.h */,
				678D1C0B166567C600757A80 /* ofxUIMultiImageSlider.h */,
				678D1C0C166567C600757A80 /* ofxUIMultiImageToggle.h */,
				678D1C0D166567C600757A80 /* ofxUINumberDialer.h */,
				678D1C0E166567C600757A80 /* ofxUIRadio.h */,
				678D1C0F166567C600757A80 /* ofxUIRangeSlider.h */,
				678D1C10166567C600757A80 /* ofxUIRectangle.h */,
				678D1C11166567C600757A80 /* ofxUIRotarySlider.h */,
				678D1C12166567C600757A80 /* ofxUIScrollableCanvas.h */,
				678D1C13166567C600757A80 /* ofxUISlider.h */,
				678D1C14166567C600757A80 /* ofxUISpacer.h */,
				678D1C15166567C600757A80 /* ofxUISpectrum.h */,
				678D1C16166567C600757A80 /* ofxUITextArea.h */,
				678D1C17166567C600757A80 /* ofxUITextInput.h */,
				678D1C18166567C600757A80 /* ofxUIToggle.h */,
				678D1C19166567C600757A80 /* ofxUIToggleMatrix.h */,
				678D1C1A166567C600757A80 /* ofxUIWaveform.h */,
				678D1C1B166567C600757A80 /* ofxUIWidget.h */,
				678D1C1C166567C600757A80 /* ofxUIWidgetWithLabel.h */,
			);
			path = src;
			sourceTree = "<group>";
		};
		678D1CBC1665680300757A80 /* ofxXmlSettings */ = {
			isa = PBXGroup;
			children = (
				678D1CBD1665680300757A80 /* libs */,
				678D1CC21665680300757A80 /* src */,
			);
			name = ofxXmlSettings;
			path = ../../../addons/ofxXmlSettings;
			sourceTree = "<group>";
		};
		678D1CBD1665680300757A80 /* libs */ = {
			isa = PBXGroup;
			children = (
				678D1CBE1665680300757A80 /* tinyxml.cpp */,
				678D1CBF1665680300757A80 /* tinyxml.h */,
				678D1CC01665680300757A80 /* tinyxmlerror.cpp */,
				678D1CC11665680300757A80 /* tinyxmlparser.cpp */,
			);
			path = libs;
			sourceTree = "<group>";
		};
		678D1CC21665680300757A80 /* src */ = {
			isa = PBXGroup;
			children = (
				678D1CC31665680300757A80 /* ofxXmlSettings.cpp */,
				678D1CC41665680300757A80 /* ofxXmlSettings.h */,
			);
			path = src;
			sourceTree = "<group>";
		};
		678D1CC91665681400757A80 /* ofxNetwork */ = {
			isa = PBXGroup;
			children = (
				678D1CCA1665681400757A80 /* docs */,
				678D1CCC1665681400757A80 /* install.xml */,
				678D1CCD1665681400757A80 /* src */,
			);
			name = ofxNetwork;
			path = ../../../addons/ofxNetwork;
			sourceTree = "<group>";
		};
		678D1CCA1665681400757A80 /* docs */ = {
			isa = PBXGroup;
			children = (
				678D1CCB1665681400757A80 /* Instructions.txt */,
			);
			path = docs;
			sourceTree = "<group>";
		};
		678D1CCD1665681400757A80 /* src */ = {
			isa = PBXGroup;
			children = (
				678D1CCE1665681400757A80 /* ofxNetwork.h */,
				678D1CCF1665681400757A80 /* ofxNetworkUtils.h */,
				678D1CD01665681400757A80 /* ofxTCPClient.cpp */,
				678D1CD11665681400757A80 /* ofxTCPClient.h */,
				678D1CD21665681400757A80 /* ofxTCPManager.cpp */,
				678D1CD31665681400757A80 /* ofxTCPManager.h */,
				678D1CD41665681400757A80 /* ofxTCPServer.cpp */,
				678D1CD51665681400757A80 /* ofxTCPServer.h */,
				678D1CD61665681400757A80 /* ofxUDPManager.cpp */,
				678D1CD71665681400757A80 /* ofxUDPManager.h */,
			);
			path = src;
			sourceTree = "<group>";
		};
		67D18FDB16726202002FF0A7 /* ofxImageSequence */ = {
			isa = PBXGroup;
			children = (
				67D18FF916726202002FF0A7 /* src */,
			);
			name = ofxImageSequence;
			path = ../../../addons/ofxImageSequence;
			sourceTree = "<group>";
		};
		67D18FF916726202002FF0A7 /* src */ = {
			isa = PBXGroup;
			children = (
				67D18FFA16726202002FF0A7 /* ofxImageSequence.cpp */,
				67D18FFB16726202002FF0A7 /* ofxImageSequence.h */,
			);
			path = src;
			sourceTree = "<group>";
		};
		67DB07851675474D00D9F006 /* ofxMostPixelsEver */ = {
			isa = PBXGroup;
			children = (
				67DB079F1675474D00D9F006 /* src */,
			);
			name = ofxMostPixelsEver;
			path = ../../../addons/ofxMostPixelsEver;
			sourceTree = "<group>";
		};
		67DB079F1675474D00D9F006 /* src */ = {
			isa = PBXGroup;
			children = (
				67DB07A01675474D00D9F006 /* mpeClientTCP.cpp */,
				67DB07A11675474D00D9F006 /* mpeClientTCP.h */,
				67DB07A21675474D00D9F006 /* ofxMostPixelsEver.h */,
			);
			path = src;
			sourceTree = "<group>";
		};
		98b3eae9507512159ab7edfe85e9f211 /* chapterHandler */ = {
			isa = PBXGroup;
			children = (
				b4321621b62306afbe4494999f366ef0 /* chapterHandler.h */,
				a7aa9473d3dae014c920972aab2488d3 /* chapterHandler.cpp */,
			);
			name = chapterHandler;
			sourceTree = "<group>";
		};
		9c1e03ed636188a91cb83ca1ede7d2b0 /* GUI */ = {
			isa = PBXGroup;
			children = (
				230004da15b739f33ac6d4b09e731857 /* myGUI.h */,
				048aa1d476f4fadc6607fa8a111aee17 /* myGUI.cpp */,
			);
			name = GUI;
			sourceTree = "<group>";
		};
		BB4B014C10F69532006C3DED /* addons */ = {
			isa = PBXGroup;
			children = (
				6781C379167A9466000948F9 /* ofxMidi */,
				67DB07851675474D00D9F006 /* ofxMostPixelsEver */,
				67D18FDB16726202002FF0A7 /* ofxImageSequence */,
				670637A3166BDE7800EB7BB6 /* ofxTweener */,
				6767B924166A02D1006E8130 /* ofxOsc */,
				674FC572166B63880076BF2E /* ofxThreadedImageLoader */,
				6722E1271665892600329F37 /* ofxSyphon */,
				67166B9D166583BF00C9537B /* ofxDirList */,
				678D1CC91665681400757A80 /* ofxNetwork */,
				678D1CBC1665680300757A80 /* ofxXmlSettings */,
				678D1A73166567C600757A80 /* ofxUI */,
			);
			name = addons;
			sourceTree = "<group>";
		};
		BBAB23C913894ECA00AA2426 /* system frameworks */ = {
			isa = PBXGroup;
			children = (
				6781C418167A97EC000948F9 /* CoreMIDI.framework */,
				E7F985F515E0DE99003869B5 /* Accelerate.framework */,
				E4C2424410CC5A17004149E2 /* AppKit.framework */,
				E4C2424510CC5A17004149E2 /* Cocoa.framework */,
				E4C2424610CC5A17004149E2 /* IOKit.framework */,
				E45BE9710E8CC7DD009D7055 /* AGL.framework */,
				E45BE9720E8CC7DD009D7055 /* ApplicationServices.framework */,
				E45BE9730E8CC7DD009D7055 /* AudioToolbox.framework */,
				E45BE9740E8CC7DD009D7055 /* Carbon.framework */,
				E45BE9750E8CC7DD009D7055 /* CoreAudio.framework */,
				E45BE9760E8CC7DD009D7055 /* CoreFoundation.framework */,
				E45BE9770E8CC7DD009D7055 /* CoreServices.framework */,
				E45BE9790E8CC7DD009D7055 /* OpenGL.framework */,
				E45BE97A0E8CC7DD009D7055 /* QuickTime.framework */,
				E7E077E415D3B63C0020DFD4 /* CoreVideo.framework */,
				E7E077E715D3B6510020DFD4 /* QTKit.framework */,
			);
			name = "system frameworks";
			sourceTree = "<group>";
		};
		BBAB23CA13894EDB00AA2426 /* 3rd party frameworks */ = {
			isa = PBXGroup;
			children = (
				6722E15B166589C000329F37 /* Syphon.framework */,
				BBAB23BE13894E4700AA2426 /* GLUT.framework */,
			);
			name = "3rd party frameworks";
			sourceTree = "<group>";
		};
		E4328144138ABC890047C5CB /* Products */ = {
			isa = PBXGroup;
			children = (
				E4328148138ABC890047C5CB /* openFrameworksDebug.a */,
			);
			name = Products;
			sourceTree = "<group>";
		};
		E45BE5980E8CC70C009D7055 /* frameworks */ = {
			isa = PBXGroup;
			children = (
				BBAB23CA13894EDB00AA2426 /* 3rd party frameworks */,
				BBAB23C913894ECA00AA2426 /* system frameworks */,
			);
			name = frameworks;
			sourceTree = "<group>";
		};
		E4B69B4A0A3A1720003C02F2 = {
			isa = PBXGroup;
			children = (
				E4B6FCAD0C3E899E008CF71C /* openFrameworks-Info.plist */,
				678D1CDD166568A300757A80 /* BROKENFIXED.icns */,
				E4EB6923138AFD0F00A09F29 /* Project.xcconfig */,
				E4B69E1C0A3A1BDC003C02F2 /* src */,
				E4EEC9E9138DF44700A80321 /* openFrameworks */,
				BB4B014C10F69532006C3DED /* addons */,
				E45BE5980E8CC70C009D7055 /* frameworks */,
				E4B69B5B0A3A1756003C02F2 /* eCinemaSetupDebug.app */,
			);
			sourceTree = "<group>";
		};
		E4B69E1C0A3A1BDC003C02F2 /* src */ = {
			isa = PBXGroup;
			children = (
				E4B69E1D0A3A1BDC003C02F2 /* main.cpp */,
				E4B69E1F0A3A1BDC003C02F2 /* testApp.h */,
				E4B69E1E0A3A1BDC003C02F2 /* testApp.cpp */,
				10c7f2a2283488c0a925b516272a7bbc /* allHandler.h */,
				69b5d05241fe6db26915d3d4e0eecdd3 /* allHandler.cpp */,
				98b3eae9507512159ab7edfe85e9f211 /* chapterHandler */,
				9c1e03ed636188a91cb83ca1ede7d2b0 /* GUI */,
				52282f97f75febaa2a674ca8d02598b5 /* videoPlayer */,
				525b55d492f76f3cb735402fd8efe249 /* miniApps */,
			);
			path = src;
			sourceTree = SOURCE_ROOT;
		};
		E4EEC9E9138DF44700A80321 /* openFrameworks */ = {
			isa = PBXGroup;
			children = (
				E4EB691F138AFCF100A09F29 /* CoreOF.xcconfig */,
				E4328143138ABC890047C5CB /* openFrameworksLib.xcodeproj */,
			);
			name = openFrameworks;
			sourceTree = "<group>";
		};
/* End PBXGroup section */

/* Begin PBXNativeTarget section */
		E4B69B5A0A3A1756003C02F2 /* eCinemaSetup */ = {
			isa = PBXNativeTarget;
			buildConfigurationList = E4B69B5F0A3A1757003C02F2 /* Build configuration list for PBXNativeTarget "eCinemaSetup" */;
			buildPhases = (
				E4B69B580A3A1756003C02F2 /* Sources */,
				E4B69B590A3A1756003C02F2 /* Frameworks */,
				E4B6FFFD0C3F9AB9008CF71C /* ShellScript */,
				E4C2427710CC5ABF004149E2 /* CopyFiles */,
				678D1CDE166568C000757A80 /* CopyFiles */,
			);
			buildRules = (
			);
			dependencies = (
				E4EEB9AC138B136A00A80321 /* PBXTargetDependency */,
			);
			name = eCinemaSetup;
			productName = myOFApp;
			productReference = E4B69B5B0A3A1756003C02F2 /* eCinemaSetupDebug.app */;
			productType = "com.apple.product-type.application";
		};
/* End PBXNativeTarget section */

/* Begin PBXProject section */
		E4B69B4C0A3A1720003C02F2 /* Project object */ = {
			isa = PBXProject;
			attributes = {
				LastUpgradeCheck = 0450;
			};
			buildConfigurationList = E4B69B4D0A3A1720003C02F2 /* Build configuration list for PBXProject "eCinemaSetup" */;
			compatibilityVersion = "Xcode 3.2";
			developmentRegion = English;
			hasScannedForEncodings = 0;
			knownRegions = (
				English,
				Japanese,
				French,
				German,
			);
			mainGroup = E4B69B4A0A3A1720003C02F2;
			productRefGroup = E4B69B4A0A3A1720003C02F2;
			projectDirPath = "";
			projectReferences = (
				{
					ProductGroup = E4328144138ABC890047C5CB /* Products */;
					ProjectRef = E4328143138ABC890047C5CB /* openFrameworksLib.xcodeproj */;
				},
			);
			projectRoot = "";
			targets = (
				E4B69B5A0A3A1756003C02F2 /* eCinemaSetup */,
			);
		};
/* End PBXProject section */

/* Begin PBXReferenceProxy section */
		E4328148138ABC890047C5CB /* openFrameworksDebug.a */ = {
			isa = PBXReferenceProxy;
			fileType = archive.ar;
			path = openFrameworksDebug.a;
			remoteRef = E4328147138ABC890047C5CB /* PBXContainerItemProxy */;
			sourceTree = BUILT_PRODUCTS_DIR;
		};
/* End PBXReferenceProxy section */

/* Begin PBXShellScriptBuildPhase section */
		E4B6FFFD0C3F9AB9008CF71C /* ShellScript */ = {
			isa = PBXShellScriptBuildPhase;
			buildActionMask = 2147483647;
			files = (
			);
			inputPaths = (
			);
			outputPaths = (
			);
			runOnlyForDeploymentPostprocessing = 0;
			shellPath = /bin/sh;
			shellScript = "cp -f ../../../libs/fmodex/lib/osx/libfmodex.dylib \"$TARGET_BUILD_DIR/$PRODUCT_NAME.app/Contents/MacOS/libfmodex.dylib\"; install_name_tool -change ./libfmodex.dylib @executable_path/libfmodex.dylib \"$TARGET_BUILD_DIR/$PRODUCT_NAME.app/Contents/MacOS/$PRODUCT_NAME\";";
		};
/* End PBXShellScriptBuildPhase section */

/* Begin PBXSourcesBuildPhase section */
		E4B69B580A3A1756003C02F2 /* Sources */ = {
			isa = PBXSourcesBuildPhase;
			buildActionMask = 2147483647;
			files = (
				E4B69E200A3A1BDC003C02F2 /* main.cpp in Sources */,
				E4B69E210A3A1BDC003C02F2 /* testApp.cpp in Sources */,
				f29600af35c679e2e9a99fb859dccd66 /* allHandler.cpp in Sources */,
				eba4b2c45f16b0e08fc7d644c73eed24 /* chapterHandler.cpp in Sources */,
				d3a7d4bc795461110f8b5b623d15eed2 /* myGUI.cpp in Sources */,
				9521cdab721bdf2adfd29d5410cb7411 /* mainMini.cpp in Sources */,
				ff327fb239dbf82631e5bd2772dc5d1b /* miniHandler.cpp in Sources */,
				474c1d1d83ed9a24527d2b2e0ece68f3 /* customPlayer.cpp in Sources */,
				678D1CC51665680300757A80 /* tinyxml.cpp in Sources */,
				678D1CC61665680300757A80 /* tinyxmlerror.cpp in Sources */,
				678D1CC71665680300757A80 /* tinyxmlparser.cpp in Sources */,
				678D1CC81665680300757A80 /* ofxXmlSettings.cpp in Sources */,
				678D1CD81665681400757A80 /* ofxTCPClient.cpp in Sources */,
				678D1CD91665681400757A80 /* ofxTCPManager.cpp in Sources */,
				678D1CDA1665681400757A80 /* ofxTCPServer.cpp in Sources */,
				678D1CDB1665681400757A80 /* ofxUDPManager.cpp in Sources */,
				6722E14F1665892600329F37 /* SyphonNameboundClient.m in Sources */,
				6722E1501665892600329F37 /* ofxSyphonClient.mm in Sources */,
				6722E1511665892600329F37 /* ofxSyphonServer.mm in Sources */,
				6767B94E166A02D1006E8130 /* IpEndpointName.cpp in Sources */,
				6767B94F166A02D1006E8130 /* NetworkingUtils.cpp in Sources */,
				6767B950166A02D1006E8130 /* UdpSocket.cpp in Sources */,
				6767B951166A02D1006E8130 /* NetworkingUtilsWin.cpp in Sources */,
				6767B952166A02D1006E8130 /* UdpSocketWin.cpp in Sources */,
				6767B953166A02D1006E8130 /* OscOutboundPacketStream.cpp in Sources */,
				6767B954166A02D1006E8130 /* OscPrintReceivedElements.cpp in Sources */,
				6767B955166A02D1006E8130 /* OscReceivedElements.cpp in Sources */,
				6767B956166A02D1006E8130 /* OscTypes.cpp in Sources */,
				6767B957166A02D1006E8130 /* ofxOscBundle.cpp in Sources */,
				6767B958166A02D1006E8130 /* ofxOscMessage.cpp in Sources */,
				6767B959166A02D1006E8130 /* ofxOscReceiver.cpp in Sources */,
				6767B95A166A02D1006E8130 /* ofxOscSender.cpp in Sources */,
				6767B9B1166A4F7C006E8130 /* plaats_origine.cpp in Sources */,
				674FC577166B63880076BF2E /* ofxThreadedImageLoader.cpp in Sources */,
				670637BF166BDE7800EB7BB6 /* ofxTransitions.cpp in Sources */,
				670637C0166BDE7800EB7BB6 /* ofxTweener.cpp in Sources */,
				6765C0FB166D224100093CC7 /* zoetroop.cpp in Sources */,
				67D1900316726202002FF0A7 /* ofxImageSequence.cpp in Sources */,
				67DB07B31675474D00D9F006 /* mpeClientTCP.cpp in Sources */,
				6781C3FD167A9466000948F9 /* ofxRtMidiIn.cpp in Sources */,
				6781C3FE167A9466000948F9 /* ofxRtMidiOut.cpp in Sources */,
				6781C3FF167A9466000948F9 /* RtMidi.cpp in Sources */,
				6781C408167A9466000948F9 /* ofxBaseMidi.cpp in Sources */,
				6781C409167A9466000948F9 /* ofxMidi.cpp in Sources */,
				6781C40A167A9466000948F9 /* ofxMidiIn.cpp in Sources */,
				6781C40B167A9466000948F9 /* ofxMidiMessage.cpp in Sources */,
				6781C40C167A9466000948F9 /* ofxMidiOut.cpp in Sources */,
				673D7E02167B8860009C7FD8 /* intentie_interpretatie.cpp in Sources */,
			);
			runOnlyForDeploymentPostprocessing = 0;
		};
/* End PBXSourcesBuildPhase section */

/* Begin PBXTargetDependency section */
		E4EEB9AC138B136A00A80321 /* PBXTargetDependency */ = {
			isa = PBXTargetDependency;
			name = openFrameworks;
			targetProxy = E4EEB9AB138B136A00A80321 /* PBXContainerItemProxy */;
		};
/* End PBXTargetDependency section */

/* Begin XCBuildConfiguration section */
		E4B69B4E0A3A1720003C02F2 /* Debug */ = {
			isa = XCBuildConfiguration;
			baseConfigurationReference = E4EB6923138AFD0F00A09F29 /* Project.xcconfig */;
			buildSettings = {
				ARCHS = "$(NATIVE_ARCH)";
				CONFIGURATION_BUILD_DIR = "$(SRCROOT)/bin/";
				COPY_PHASE_STRIP = NO;
				DEAD_CODE_STRIPPING = YES;
				GCC_AUTO_VECTORIZATION = YES;
				GCC_ENABLE_SSE3_EXTENSIONS = YES;
				GCC_ENABLE_SUPPLEMENTAL_SSE3_INSTRUCTIONS = YES;
				GCC_INLINES_ARE_PRIVATE_EXTERN = NO;
				GCC_OPTIMIZATION_LEVEL = 0;
				GCC_SYMBOLS_PRIVATE_EXTERN = NO;
				GCC_WARN_ABOUT_DEPRECATED_FUNCTIONS = YES;
				GCC_WARN_ABOUT_INVALID_OFFSETOF_MACRO = NO;
				GCC_WARN_ALLOW_INCOMPLETE_PROTOCOL = NO;
				GCC_WARN_UNINITIALIZED_AUTOS = NO;
				GCC_WARN_UNUSED_VALUE = NO;
				GCC_WARN_UNUSED_VARIABLE = NO;
				HEADER_SEARCH_PATHS = (
					"$(OF_CORE_HEADERS)",
					src,
					src/GUI,
					src/chapterHandler,
					src/miniApps,
					src/miniApps/apps,
					src/videoPlayer,
				);
				OFX_MIDI_HEADERS = "$(ADDONS_PATH)/ofxMidi/src $(ADDONS_PATH)/ofxMidi/src/desktop/rtmidi";
				OTHER_CPLUSPLUSFLAGS = (
					"-D__MACOSX_CORE__",
					"-lpthread",
					"-mtune=native",
				);
				SDKROOT = macosx;
			};
			name = Debug;
		};
		E4B69B4F0A3A1720003C02F2 /* Release */ = {
			isa = XCBuildConfiguration;
			baseConfigurationReference = E4EB6923138AFD0F00A09F29 /* Project.xcconfig */;
			buildSettings = {
				ARCHS = "$(NATIVE_ARCH)";
				CONFIGURATION_BUILD_DIR = "$(SRCROOT)/bin/";
				COPY_PHASE_STRIP = YES;
				DEAD_CODE_STRIPPING = YES;
				GCC_AUTO_VECTORIZATION = YES;
				GCC_ENABLE_SSE3_EXTENSIONS = YES;
				GCC_ENABLE_SUPPLEMENTAL_SSE3_INSTRUCTIONS = YES;
				GCC_INLINES_ARE_PRIVATE_EXTERN = NO;
				GCC_OPTIMIZATION_LEVEL = 3;
				GCC_SYMBOLS_PRIVATE_EXTERN = NO;
				GCC_UNROLL_LOOPS = YES;
				GCC_WARN_ABOUT_DEPRECATED_FUNCTIONS = YES;
				GCC_WARN_ABOUT_INVALID_OFFSETOF_MACRO = NO;
				GCC_WARN_ALLOW_INCOMPLETE_PROTOCOL = NO;
				GCC_WARN_UNINITIALIZED_AUTOS = NO;
				GCC_WARN_UNUSED_VALUE = NO;
				GCC_WARN_UNUSED_VARIABLE = NO;
				HEADER_SEARCH_PATHS = (
					"$(OF_CORE_HEADERS)",
					src,
					src/GUI,
					src/chapterHandler,
					src/miniApps,
					src/miniApps/apps,
					src/videoPlayer,
				);
				OFX_MIDI_HEADERS = "$(ADDONS_PATH)/ofxMidi/src $(ADDONS_PATH)/ofxMidi/src/desktop/rtmidi";
				OTHER_CPLUSPLUSFLAGS = (
					"-D__MACOSX_CORE__",
					"-lpthread",
					"-mtune=native",
				);
				SDKROOT = macosx;
			};
			name = Release;
		};
		E4B69B600A3A1757003C02F2 /* Debug */ = {
			isa = XCBuildConfiguration;
			buildSettings = {
				COMBINE_HIDPI_IMAGES = YES;
				COPY_PHASE_STRIP = NO;
				FRAMEWORK_SEARCH_PATHS = (
					"$(inherited)",
					"$(FRAMEWORK_SEARCH_PATHS_QUOTED_FOR_TARGET_1)",
					"$(FRAMEWORK_SEARCH_PATHS_QUOTED_FOR_TARGET_2)",
					"$(FRAMEWORK_SEARCH_PATHS_QUOTED_FOR_TARGET_3)",
					"$(FRAMEWORK_SEARCH_PATHS_QUOTED_FOR_TARGET_4)",
					"$(FRAMEWORK_SEARCH_PATHS_QUOTED_FOR_TARGET_5)",
				);
				FRAMEWORK_SEARCH_PATHS_QUOTED_FOR_TARGET_1 = "\"$(SRCROOT)/../../../libs/glut/lib/osx\"";
				FRAMEWORK_SEARCH_PATHS_QUOTED_FOR_TARGET_2 = "\"$(SRCROOT)/../../../addons/ofxSyphon/libs/Syphon/lib/osx\"";
				FRAMEWORK_SEARCH_PATHS_QUOTED_FOR_TARGET_3 = "\"$(SRCROOT)/../../../addons/ofxSyphon/libs/Syphon/lib/osx\"";
				FRAMEWORK_SEARCH_PATHS_QUOTED_FOR_TARGET_4 = "\"$(SRCROOT)/../../../addons/ofxSyphon/libs/Syphon/lib/osx\"";
				FRAMEWORK_SEARCH_PATHS_QUOTED_FOR_TARGET_5 = "\"$(SRCROOT)/../../../addons/ofxSyphon/libs/Syphon/lib/osx\"";
				GCC_DYNAMIC_NO_PIC = NO;
				GCC_GENERATE_DEBUGGING_SYMBOLS = YES;
				GCC_MODEL_TUNING = NONE;
				GCC_PRECOMPILE_PREFIX_HEADER = YES;
				GCC_PREFIX_HEADER = "$(SYSTEM_LIBRARY_DIR)/Frameworks/Carbon.framework/Headers/Carbon.h";
				HEADER_SEARCH_PATHS = (
					"$(OF_CORE_HEADERS)",
					src,
					src/GUI,
					src/chapterHandler,
					src/miniApps,
					src/miniApps/apps,
					src/videoPlayer,
					../../../addons/ofxOsc/libs,
					../../../addons/ofxOsc/libs/oscpack,
					../../../addons/ofxOsc/libs/oscpack/src,
					../../../addons/ofxOsc/libs/oscpack/src/ip,
					../../../addons/ofxOsc/libs/oscpack/src/ip/posix,
					../../../addons/ofxOsc/libs/oscpack/src/ip/win32,
					../../../addons/ofxOsc/libs/oscpack/src/osc,
					../../../addons/ofxOsc/src,
				);
				INFOPLIST_FILE = "openFrameworks-Info.plist";
				INSTALL_PATH = "$(HOME)/Applications";
				LIBRARY_SEARCH_PATHS = (
					"$(inherited)",
					"$(LIBRARY_SEARCH_PATHS_QUOTED_FOR_TARGET_1)",
					"$(LIBRARY_SEARCH_PATHS_QUOTED_FOR_TARGET_2)",
					"$(LIBRARY_SEARCH_PATHS_QUOTED_FOR_TARGET_3)",
					"$(LIBRARY_SEARCH_PATHS_QUOTED_FOR_TARGET_4)",
					"$(LIBRARY_SEARCH_PATHS_QUOTED_FOR_TARGET_5)",
					"$(LIBRARY_SEARCH_PATHS_QUOTED_FOR_TARGET_6)",
					"$(LIBRARY_SEARCH_PATHS_QUOTED_FOR_TARGET_7)",
					"$(LIBRARY_SEARCH_PATHS_QUOTED_FOR_TARGET_8)",
					"$(LIBRARY_SEARCH_PATHS_QUOTED_FOR_TARGET_9)",
					"$(LIBRARY_SEARCH_PATHS_QUOTED_FOR_TARGET_10)",
					"$(LIBRARY_SEARCH_PATHS_QUOTED_FOR_TARGET_11)",
					"$(LIBRARY_SEARCH_PATHS_QUOTED_FOR_TARGET_12)",
					"$(LIBRARY_SEARCH_PATHS_QUOTED_FOR_TARGET_13)",
					"$(LIBRARY_SEARCH_PATHS_QUOTED_FOR_TARGET_14)",
					"$(LIBRARY_SEARCH_PATHS_QUOTED_FOR_TARGET_15)",
					"$(LIBRARY_SEARCH_PATHS_QUOTED_FOR_TARGET_2)",
					"$(LIBRARY_SEARCH_PATHS_QUOTED_FOR_TARGET_3)",
					"$(LIBRARY_SEARCH_PATHS_QUOTED_FOR_TARGET_7)",
					"$(LIBRARY_SEARCH_PATHS_QUOTED_FOR_TARGET_8)",
					"$(LIBRARY_SEARCH_PATHS_QUOTED_FOR_TARGET_9)",
					"$(LIBRARY_SEARCH_PATHS_QUOTED_FOR_TARGET_10)",
					"$(LIBRARY_SEARCH_PATHS_QUOTED_FOR_TARGET_11)",
					"$(LIBRARY_SEARCH_PATHS_QUOTED_FOR_TARGET_12)",
					"$(LIBRARY_SEARCH_PATHS_QUOTED_FOR_TARGET_13)",
					"$(LIBRARY_SEARCH_PATHS_QUOTED_FOR_TARGET_16)",
					"$(LIBRARY_SEARCH_PATHS_QUOTED_FOR_TARGET_17)",
					"$(LIBRARY_SEARCH_PATHS_QUOTED_FOR_TARGET_18)",
					"$(LIBRARY_SEARCH_PATHS_QUOTED_FOR_TARGET_19)",
					"$(LIBRARY_SEARCH_PATHS_QUOTED_FOR_TARGET_20)",
					"$(LIBRARY_SEARCH_PATHS_QUOTED_FOR_TARGET_21)",
					"$(LIBRARY_SEARCH_PATHS_QUOTED_FOR_TARGET_22)",
					"$(LIBRARY_SEARCH_PATHS_QUOTED_FOR_TARGET_23)",
					"$(LIBRARY_SEARCH_PATHS_QUOTED_FOR_TARGET_24)",
					"$(LIBRARY_SEARCH_PATHS_QUOTED_FOR_TARGET_25)",
					"$(LIBRARY_SEARCH_PATHS_QUOTED_FOR_TARGET_26)",
					"$(LIBRARY_SEARCH_PATHS_QUOTED_FOR_TARGET_27)",
					"$(LIBRARY_SEARCH_PATHS_QUOTED_FOR_TARGET_28)",
					"$(LIBRARY_SEARCH_PATHS_QUOTED_FOR_TARGET_29)",
					"$(LIBRARY_SEARCH_PATHS_QUOTED_FOR_TARGET_30)",
					"$(LIBRARY_SEARCH_PATHS_QUOTED_FOR_TARGET_31)",
					"$(LIBRARY_SEARCH_PATHS_QUOTED_FOR_TARGET_32)",
					"$(LIBRARY_SEARCH_PATHS_QUOTED_FOR_TARGET_33)",
					"$(LIBRARY_SEARCH_PATHS_QUOTED_FOR_TARGET_34)",
					"$(LIBRARY_SEARCH_PATHS_QUOTED_FOR_TARGET_35)",
					"$(LIBRARY_SEARCH_PATHS_QUOTED_FOR_TARGET_36)",
					"$(LIBRARY_SEARCH_PATHS_QUOTED_FOR_TARGET_37)",
					"$(LIBRARY_SEARCH_PATHS_QUOTED_FOR_TARGET_38)",
					"$(LIBRARY_SEARCH_PATHS_QUOTED_FOR_TARGET_39)",
					"$(LIBRARY_SEARCH_PATHS_QUOTED_FOR_TARGET_40)",
					"$(LIBRARY_SEARCH_PATHS_QUOTED_FOR_TARGET_41)",
					"$(LIBRARY_SEARCH_PATHS_QUOTED_FOR_TARGET_42)",
					"$(LIBRARY_SEARCH_PATHS_QUOTED_FOR_TARGET_43)",
					"$(LIBRARY_SEARCH_PATHS_QUOTED_FOR_TARGET_44)",
					"$(LIBRARY_SEARCH_PATHS_QUOTED_FOR_TARGET_45)",
					"$(LIBRARY_SEARCH_PATHS_QUOTED_FOR_TARGET_46)",
					"$(LIBRARY_SEARCH_PATHS_QUOTED_FOR_TARGET_47)",
					"$(LIBRARY_SEARCH_PATHS_QUOTED_FOR_TARGET_48)",
					"$(LIBRARY_SEARCH_PATHS_QUOTED_FOR_TARGET_49)",
					"$(LIBRARY_SEARCH_PATHS_QUOTED_FOR_TARGET_50)",
					"$(LIBRARY_SEARCH_PATHS_QUOTED_FOR_TARGET_51)",
					"$(LIBRARY_SEARCH_PATHS_QUOTED_FOR_TARGET_52)",
				);
				PRODUCT_NAME = "$(TARGET_NAME)Debug";
				WRAPPER_EXTENSION = app;
			};
			name = Debug;
		};
		E4B69B610A3A1757003C02F2 /* Release */ = {
			isa = XCBuildConfiguration;
			buildSettings = {
				COMBINE_HIDPI_IMAGES = YES;
				COPY_PHASE_STRIP = YES;
				FRAMEWORK_SEARCH_PATHS = (
					"$(inherited)",
					"$(FRAMEWORK_SEARCH_PATHS_QUOTED_FOR_TARGET_1)",
					"$(FRAMEWORK_SEARCH_PATHS_QUOTED_FOR_TARGET_2)",
					"$(FRAMEWORK_SEARCH_PATHS_QUOTED_FOR_TARGET_3)",
					"$(FRAMEWORK_SEARCH_PATHS_QUOTED_FOR_TARGET_4)",
					"$(FRAMEWORK_SEARCH_PATHS_QUOTED_FOR_TARGET_5)",
				);
				FRAMEWORK_SEARCH_PATHS_QUOTED_FOR_TARGET_1 = "\"$(SRCROOT)/../../../libs/glut/lib/osx\"";
				FRAMEWORK_SEARCH_PATHS_QUOTED_FOR_TARGET_2 = "\"$(SRCROOT)/../../../addons/ofxSyphon/libs/Syphon/lib/osx\"";
				FRAMEWORK_SEARCH_PATHS_QUOTED_FOR_TARGET_3 = "\"$(SRCROOT)/../../../addons/ofxSyphon/libs/Syphon/lib/osx\"";
				FRAMEWORK_SEARCH_PATHS_QUOTED_FOR_TARGET_4 = "\"$(SRCROOT)/../../../addons/ofxSyphon/libs/Syphon/lib/osx\"";
				FRAMEWORK_SEARCH_PATHS_QUOTED_FOR_TARGET_5 = "\"$(SRCROOT)/../../../addons/ofxSyphon/libs/Syphon/lib/osx\"";
				GCC_GENERATE_DEBUGGING_SYMBOLS = YES;
				GCC_MODEL_TUNING = NONE;
				GCC_PRECOMPILE_PREFIX_HEADER = YES;
				GCC_PREFIX_HEADER = "$(SYSTEM_LIBRARY_DIR)/Frameworks/Carbon.framework/Headers/Carbon.h";
				HEADER_SEARCH_PATHS = (
					"$(OF_CORE_HEADERS)",
					src,
					src/GUI,
					src/chapterHandler,
					src/miniApps,
					src/miniApps/apps,
					src/videoPlayer,
					../../../addons/ofxOsc/libs,
					../../../addons/ofxOsc/libs/oscpack,
					../../../addons/ofxOsc/libs/oscpack/src,
					../../../addons/ofxOsc/libs/oscpack/src/ip,
					../../../addons/ofxOsc/libs/oscpack/src/ip/posix,
					../../../addons/ofxOsc/libs/oscpack/src/ip/win32,
					../../../addons/ofxOsc/libs/oscpack/src/osc,
					../../../addons/ofxOsc/src,
				);
				INFOPLIST_FILE = "openFrameworks-Info.plist";
				INSTALL_PATH = "$(HOME)/Applications";
				LIBRARY_SEARCH_PATHS = (
					"$(inherited)",
					"$(LIBRARY_SEARCH_PATHS_QUOTED_FOR_TARGET_1)",
					"$(LIBRARY_SEARCH_PATHS_QUOTED_FOR_TARGET_2)",
					"$(LIBRARY_SEARCH_PATHS_QUOTED_FOR_TARGET_3)",
					"$(LIBRARY_SEARCH_PATHS_QUOTED_FOR_TARGET_4)",
					"$(LIBRARY_SEARCH_PATHS_QUOTED_FOR_TARGET_5)",
					"$(LIBRARY_SEARCH_PATHS_QUOTED_FOR_TARGET_6)",
					"$(LIBRARY_SEARCH_PATHS_QUOTED_FOR_TARGET_7)",
					"$(LIBRARY_SEARCH_PATHS_QUOTED_FOR_TARGET_8)",
					"$(LIBRARY_SEARCH_PATHS_QUOTED_FOR_TARGET_9)",
					"$(LIBRARY_SEARCH_PATHS_QUOTED_FOR_TARGET_10)",
					"$(LIBRARY_SEARCH_PATHS_QUOTED_FOR_TARGET_11)",
					"$(LIBRARY_SEARCH_PATHS_QUOTED_FOR_TARGET_12)",
					"$(LIBRARY_SEARCH_PATHS_QUOTED_FOR_TARGET_13)",
					"$(LIBRARY_SEARCH_PATHS_QUOTED_FOR_TARGET_14)",
					"$(LIBRARY_SEARCH_PATHS_QUOTED_FOR_TARGET_15)",
					"$(LIBRARY_SEARCH_PATHS_QUOTED_FOR_TARGET_2)",
					"$(LIBRARY_SEARCH_PATHS_QUOTED_1)",
					"$(LIBRARY_SEARCH_PATHS_QUOTED_FOR_TARGET_3)",
					"$(LIBRARY_SEARCH_PATHS_QUOTED_FOR_TARGET_7)",
					"$(LIBRARY_SEARCH_PATHS_QUOTED_FOR_TARGET_8)",
					"$(LIBRARY_SEARCH_PATHS_QUOTED_FOR_TARGET_9)",
					"$(LIBRARY_SEARCH_PATHS_QUOTED_FOR_TARGET_10)",
					"$(LIBRARY_SEARCH_PATHS_QUOTED_FOR_TARGET_11)",
					"$(LIBRARY_SEARCH_PATHS_QUOTED_FOR_TARGET_12)",
					"$(LIBRARY_SEARCH_PATHS_QUOTED_FOR_TARGET_13)",
					"$(LIBRARY_SEARCH_PATHS_QUOTED_FOR_TARGET_16)",
					"$(LIBRARY_SEARCH_PATHS_QUOTED_FOR_TARGET_17)",
					"$(LIBRARY_SEARCH_PATHS_QUOTED_FOR_TARGET_18)",
					"$(LIBRARY_SEARCH_PATHS_QUOTED_FOR_TARGET_19)",
					"$(LIBRARY_SEARCH_PATHS_QUOTED_FOR_TARGET_20)",
					"$(LIBRARY_SEARCH_PATHS_QUOTED_FOR_TARGET_21)",
					"$(LIBRARY_SEARCH_PATHS_QUOTED_FOR_TARGET_22)",
					"$(LIBRARY_SEARCH_PATHS_QUOTED_FOR_TARGET_23)",
					"$(LIBRARY_SEARCH_PATHS_QUOTED_FOR_TARGET_24)",
					"$(LIBRARY_SEARCH_PATHS_QUOTED_FOR_TARGET_25)",
					"$(LIBRARY_SEARCH_PATHS_QUOTED_FOR_TARGET_26)",
					"$(LIBRARY_SEARCH_PATHS_QUOTED_FOR_TARGET_27)",
					"$(LIBRARY_SEARCH_PATHS_QUOTED_FOR_TARGET_28)",
					"$(LIBRARY_SEARCH_PATHS_QUOTED_FOR_TARGET_29)",
					"$(LIBRARY_SEARCH_PATHS_QUOTED_FOR_TARGET_30)",
					"$(LIBRARY_SEARCH_PATHS_QUOTED_FOR_TARGET_31)",
					"$(LIBRARY_SEARCH_PATHS_QUOTED_FOR_TARGET_32)",
					"$(LIBRARY_SEARCH_PATHS_QUOTED_FOR_TARGET_33)",
					"$(LIBRARY_SEARCH_PATHS_QUOTED_FOR_TARGET_34)",
					"$(LIBRARY_SEARCH_PATHS_QUOTED_FOR_TARGET_35)",
					"$(LIBRARY_SEARCH_PATHS_QUOTED_FOR_TARGET_36)",
					"$(LIBRARY_SEARCH_PATHS_QUOTED_FOR_TARGET_37)",
					"$(LIBRARY_SEARCH_PATHS_QUOTED_FOR_TARGET_38)",
					"$(LIBRARY_SEARCH_PATHS_QUOTED_FOR_TARGET_39)",
					"$(LIBRARY_SEARCH_PATHS_QUOTED_FOR_TARGET_40)",
					"$(LIBRARY_SEARCH_PATHS_QUOTED_FOR_TARGET_41)",
					"$(LIBRARY_SEARCH_PATHS_QUOTED_FOR_TARGET_42)",
					"$(LIBRARY_SEARCH_PATHS_QUOTED_FOR_TARGET_43)",
					"$(LIBRARY_SEARCH_PATHS_QUOTED_FOR_TARGET_44)",
					"$(LIBRARY_SEARCH_PATHS_QUOTED_FOR_TARGET_45)",
					"$(LIBRARY_SEARCH_PATHS_QUOTED_FOR_TARGET_46)",
					"$(LIBRARY_SEARCH_PATHS_QUOTED_FOR_TARGET_47)",
					"$(LIBRARY_SEARCH_PATHS_QUOTED_FOR_TARGET_48)",
					"$(LIBRARY_SEARCH_PATHS_QUOTED_FOR_TARGET_49)",
					"$(LIBRARY_SEARCH_PATHS_QUOTED_FOR_TARGET_50)",
					"$(LIBRARY_SEARCH_PATHS_QUOTED_FOR_TARGET_51)",
				);
				PRODUCT_NAME = "$(TARGET_NAME)";
				WRAPPER_EXTENSION = app;
			};
			name = Release;
		};
/* End XCBuildConfiguration section */

/* Begin XCConfigurationList section */
		E4B69B4D0A3A1720003C02F2 /* Build configuration list for PBXProject "eCinemaSetup" */ = {
			isa = XCConfigurationList;
			buildConfigurations = (
				E4B69B4E0A3A1720003C02F2 /* Debug */,
				E4B69B4F0A3A1720003C02F2 /* Release */,
			);
			defaultConfigurationIsVisible = 0;
			defaultConfigurationName = Release;
		};
		E4B69B5F0A3A1757003C02F2 /* Build configuration list for PBXNativeTarget "eCinemaSetup" */ = {
			isa = XCConfigurationList;
			buildConfigurations = (
				E4B69B600A3A1757003C02F2 /* Debug */,
				E4B69B610A3A1757003C02F2 /* Release */,
			);
			defaultConfigurationIsVisible = 0;
			defaultConfigurationName = Release;
		};
/* End XCConfigurationList section */
	};
	rootObject = E4B69B4C0A3A1720003C02F2 /* Project object */;
}
